
Microsoft Visual Studio Solution File, Format Version 12.00
# Visual Studio Version 16
VisualStudioVersion = 16.0.29306.81
MinimumVisualStudioVersion = 10.0.40219.1
Project("{FAE04EC0-301F-11D3-BF4B-00C04F79EFBC}") = "LoginPageApp.UWP", "LoginPageApp\LoginPageApp.UWP\LoginPageApp.UWP.csproj", "{EF48788C-E094-40B7-BFE8-73952C6FADB2}"
EndProject
Project("{FAE04EC0-301F-11D3-BF4B-00C04F79EFBC}") = "LoginPageApp.Android", "LoginPageApp\LoginPageApp.Android\LoginPageApp.Android.csproj", "{535A391F-4D6D-4570-BDA8-8DD871891322}"
EndProject
Project("{FAE04EC0-301F-11D3-BF4B-00C04F79EFBC}") = "LoginPageApp.iOS", "LoginPageApp\LoginPageApp.iOS\LoginPageApp.iOS.csproj", "{29A0CB5C-FE94-44AC-9984-AFD1913CE61A}"
EndProject
Project("{FAE04EC0-301F-11D3-BF4B-00C04F79EFBC}") = "LoginPageApp", "LoginPageApp\LoginPageApp\LoginPageApp.csproj", "{B2424AAB-2076-47B8-9B2D-7CD420C03608}"
EndProject
Global
	GlobalSection(SolutionConfigurationPlatforms) = preSolution
		Debug|Any CPU = Debug|Any CPU
		Debug|ARM = Debug|ARM
		Debug|iPhone = Debug|iPhone
		Debug|iPhoneSimulator = Debug|iPhoneSimulator
		Debug|x64 = Debug|x64
		Debug|x86 = Debug|x86
		Release|Any CPU = Release|Any CPU
		Release|ARM = Release|ARM
		Release|iPhone = Release|iPhone
		Release|iPhoneSimulator = Release|iPhoneSimulator
		Release|x64 = Release|x64
		Release|x86 = Release|x86
	EndGlobalSection
	GlobalSection(ProjectConfigurationPlatforms) = postSolution
		{EF48788C-E094-40B7-BFE8-73952C6FADB2}.Debug|Any CPU.ActiveCfg = Debug|x86
		{EF48788C-E094-40B7-BFE8-73952C6FADB2}.Debug|Any CPU.Build.0 = Debug|x86
		{EF48788C-E094-40B7-BFE8-73952C6FADB2}.Debug|Any CPU.Deploy.0 = Debug|x86
		{EF48788C-E094-40B7-BFE8-73952C6FADB2}.Debug|ARM.ActiveCfg = Debug|ARM
		{EF48788C-E094-40B7-BFE8-73952C6FADB2}.Debug|ARM.Build.0 = Debug|ARM
		{EF48788C-E094-40B7-BFE8-73952C6FADB2}.Debug|ARM.Deploy.0 = Debug|ARM
		{EF48788C-E094-40B7-BFE8-73952C6FADB2}.Debug|iPhone.ActiveCfg = Debug|x86
		{EF48788C-E094-40B7-BFE8-73952C6FADB2}.Debug|iPhone.Build.0 = Debug|x86
		{EF48788C-E094-40B7-BFE8-73952C6FADB2}.Debug|iPhone.Deploy.0 = Debug|x86
		{EF48788C-E094-40B7-BFE8-73952C6FADB2}.Debug|iPhoneSimulator.ActiveCfg = Debug|x86
		{EF48788C-E094-40B7-BFE8-73952C6FADB2}.Debug|iPhoneSimulator.Build.0 = Debug|x86
		{EF48788C-E094-40B7-BFE8-73952C6FADB2}.Debug|iPhoneSimulator.Deploy.0 = Debug|x86
		{EF48788C-E094-40B7-BFE8-73952C6FADB2}.Debug|x64.ActiveCfg = Debug|x64
		{EF48788C-E094-40B7-BFE8-73952C6FADB2}.Debug|x64.Build.0 = Debug|x64
		{EF48788C-E094-40B7-BFE8-73952C6FADB2}.Debug|x64.Deploy.0 = Debug|x64
		{EF48788C-E094-40B7-BFE8-73952C6FADB2}.Debug|x86.ActiveCfg = Debug|x86
		{EF48788C-E094-40B7-BFE8-73952C6FADB2}.Debug|x86.Build.0 = Debug|x86
		{EF48788C-E094-40B7-BFE8-73952C6FADB2}.Debug|x86.Deploy.0 = Debug|x86
		{EF48788C-E094-40B7-BFE8-73952C6FADB2}.Release|Any CPU.ActiveCfg = Release|x86
		{EF48788C-E094-40B7-BFE8-73952C6FADB2}.Release|Any CPU.Build.0 = Release|x86
		{EF48788C-E094-40B7-BFE8-73952C6FADB2}.Release|Any CPU.Deploy.0 = Release|x86
		{EF48788C-E094-40B7-BFE8-73952C6FADB2}.Release|ARM.ActiveCfg = Release|ARM
		{EF48788C-E094-40B7-BFE8-73952C6FADB2}.Release|ARM.Build.0 = Release|ARM
		{EF48788C-E094-40B7-BFE8-73952C6FADB2}.Release|ARM.Deploy.0 = Release|ARM
		{EF48788C-E094-40B7-BFE8-73952C6FADB2}.Release|iPhone.ActiveCfg = Release|x86
		{EF48788C-E094-40B7-BFE8-73952C6FADB2}.Release|iPhone.Build.0 = Release|x86
		{EF48788C-E094-40B7-BFE8-73952C6FADB2}.Release|iPhone.Deploy.0 = Release|x86
		{EF48788C-E094-40B7-BFE8-73952C6FADB2}.Release|iPhoneSimulator.ActiveCfg = Release|x86
		{EF48788C-E094-40B7-BFE8-73952C6FADB2}.Release|iPhoneSimulator.Build.0 = Release|x86
		{EF48788C-E094-40B7-BFE8-73952C6FADB2}.Release|iPhoneSimulator.Deploy.0 = Release|x86
		{EF48788C-E094-40B7-BFE8-73952C6FADB2}.Release|x64.ActiveCfg = Release|x64
		{EF48788C-E094-40B7-BFE8-73952C6FADB2}.Release|x64.Build.0 = Release|x64
		{EF48788C-E094-40B7-BFE8-73952C6FADB2}.Release|x64.Deploy.0 = Release|x64
		{EF48788C-E094-40B7-BFE8-73952C6FADB2}.Release|x86.ActiveCfg = Release|x86
		{EF48788C-E094-40B7-BFE8-73952C6FADB2}.Release|x86.Build.0 = Release|x86
		{EF48788C-E094-40B7-BFE8-73952C6FADB2}.Release|x86.Deploy.0 = Release|x86
		{535A391F-4D6D-4570-BDA8-8DD871891322}.Debug|Any CPU.ActiveCfg = Debug|Any CPU
		{535A391F-4D6D-4570-BDA8-8DD871891322}.Debug|Any CPU.Build.0 = Debug|Any CPU
		{535A391F-4D6D-4570-BDA8-8DD871891322}.Debug|Any CPU.Deploy.0 = Debug|Any CPU
		{535A391F-4D6D-4570-BDA8-8DD871891322}.Debug|ARM.ActiveCfg = Debug|Any CPU
		{535A391F-4D6D-4570-BDA8-8DD871891322}.Debug|ARM.Build.0 = Debug|Any CPU
		{535A391F-4D6D-4570-BDA8-8DD871891322}.Debug|ARM.Deploy.0 = Debug|Any CPU
		{535A391F-4D6D-4570-BDA8-8DD871891322}.Debug|iPhone.ActiveCfg = Debug|Any CPU
		{535A391F-4D6D-4570-BDA8-8DD871891322}.Debug|iPhone.Build.0 = Debug|Any CPU
		{535A391F-4D6D-4570-BDA8-8DD871891322}.Debug|iPhone.Deploy.0 = Debug|Any CPU
		{535A391F-4D6D-4570-BDA8-8DD871891322}.Debug|iPhoneSimulator.ActiveCfg = Debug|Any CPU
		{535A391F-4D6D-4570-BDA8-8DD871891322}.Debug|iPhoneSimulator.Build.0 = Debug|Any CPU
		{535A391F-4D6D-4570-BDA8-8DD871891322}.Debug|iPhoneSimulator.Deploy.0 = Debug|Any CPU
		{535A391F-4D6D-4570-BDA8-8DD871891322}.Debug|x64.ActiveCfg = Debug|Any CPU
		{535A391F-4D6D-4570-BDA8-8DD871891322}.Debug|x64.Build.0 = Debug|Any CPU
		{535A391F-4D6D-4570-BDA8-8DD871891322}.Debug|x64.Deploy.0 = Debug|Any CPU
		{535A391F-4D6D-4570-BDA8-8DD871891322}.Debug|x86.ActiveCfg = Debug|Any CPU
		{535A391F-4D6D-4570-BDA8-8DD871891322}.Debug|x86.Build.0 = Debug|Any CPU
		{535A391F-4D6D-4570-BDA8-8DD871891322}.Debug|x86.Deploy.0 = Debug|Any CPU
		{535A391F-4D6D-4570-BDA8-8DD871891322}.Release|Any CPU.ActiveCfg = Release|Any CPU
		{535A391F-4D6D-4570-BDA8-8DD871891322}.Release|Any CPU.Build.0 = Release|Any CPU
		{535A391F-4D6D-4570-BDA8-8DD871891322}.Release|Any CPU.Deploy.0 = Release|Any CPU
		{535A391F-4D6D-4570-BDA8-8DD871891322}.Release|ARM.ActiveCfg = Release|Any CPU
		{535A391F-4D6D-4570-BDA8-8DD871891322}.Release|ARM.Build.0 = Release|Any CPU
		{535A391F-4D6D-4570-BDA8-8DD871891322}.Release|ARM.Deploy.0 = Release|Any CPU
		{535A391F-4D6D-4570-BDA8-8DD871891322}.Release|iPhone.ActiveCfg = Release|Any CPU
		{535A391F-4D6D-4570-BDA8-8DD871891322}.Release|iPhone.Build.0 = Release|Any CPU
		{535A391F-4D6D-4570-BDA8-8DD871891322}.Release|iPhone.Deploy.0 = Release|Any CPU
		{535A391F-4D6D-4570-BDA8-8DD871891322}.Release|iPhoneSimulator.ActiveCfg = Release|Any CPU
		{535A391F-4D6D-4570-BDA8-8DD871891322}.Release|iPhoneSimulator.Build.0 = Release|Any CPU
		{535A391F-4D6D-4570-BDA8-8DD871891322}.Release|iPhoneSimulator.Deploy.0 = Release|Any CPU
		{535A391F-4D6D-4570-BDA8-8DD871891322}.Release|x64.ActiveCfg = Release|Any CPU
		{535A391F-4D6D-4570-BDA8-8DD871891322}.Release|x64.Build.0 = Release|Any CPU
		{535A391F-4D6D-4570-BDA8-8DD871891322}.Release|x64.Deploy.0 = Release|Any CPU
		{535A391F-4D6D-4570-BDA8-8DD871891322}.Release|x86.ActiveCfg = Release|Any CPU
		{535A391F-4D6D-4570-BDA8-8DD871891322}.Release|x86.Build.0 = Release|Any CPU
		{535A391F-4D6D-4570-BDA8-8DD871891322}.Release|x86.Deploy.0 = Release|Any CPU
		{29A0CB5C-FE94-44AC-9984-AFD1913CE61A}.Debug|Any CPU.ActiveCfg = Debug|iPhone
		{29A0CB5C-FE94-44AC-9984-AFD1913CE61A}.Debug|Any CPU.Build.0 = Debug|iPhone
		{29A0CB5C-FE94-44AC-9984-AFD1913CE61A}.Debug|Any CPU.Deploy.0 = Debug|iPhone
		{29A0CB5C-FE94-44AC-9984-AFD1913CE61A}.Debug|ARM.ActiveCfg = Debug|iPhoneSimulator
		{29A0CB5C-FE94-44AC-9984-AFD1913CE61A}.Debug|ARM.Build.0 = Debug|iPhoneSimulator
		{29A0CB5C-FE94-44AC-9984-AFD1913CE61A}.Debug|ARM.Deploy.0 = Debug|iPhoneSimulator
		{29A0CB5C-FE94-44AC-9984-AFD1913CE61A}.Debug|iPhone.ActiveCfg = Debug|iPhone
		{29A0CB5C-FE94-44AC-9984-AFD1913CE61A}.Debug|iPhone.Build.0 = Debug|iPhone
		{29A0CB5C-FE94-44AC-9984-AFD1913CE61A}.Debug|iPhone.Deploy.0 = Debug|iPhone
		{29A0CB5C-FE94-44AC-9984-AFD1913CE61A}.Debug|iPhoneSimulator.ActiveCfg = Debug|iPhoneSimulator
		{29A0CB5C-FE94-44AC-9984-AFD1913CE61A}.Debug|iPhoneSimulator.Build.0 = Debug|iPhoneSimulator
		{29A0CB5C-FE94-44AC-9984-AFD1913CE61A}.Debug|iPhoneSimulator.Deploy.0 = Debug|iPhoneSimulator
		{29A0CB5C-FE94-44AC-9984-AFD1913CE61A}.Debug|x64.ActiveCfg = Debug|iPhone
		{29A0CB5C-FE94-44AC-9984-AFD1913CE61A}.Debug|x64.Build.0 = Debug|iPhone
		{29A0CB5C-FE94-44AC-9984-AFD1913CE61A}.Debug|x64.Deploy.0 = Debug|iPhone
		{29A0CB5C-FE94-44AC-9984-AFD1913CE61A}.Debug|x86.ActiveCfg = Debug|iPhone
		{29A0CB5C-FE94-44AC-9984-AFD1913CE61A}.Debug|x86.Build.0 = Debug|iPhone
		{29A0CB5C-FE94-44AC-9984-AFD1913CE61A}.Debug|x86.Deploy.0 = Debug|iPhone
		{29A0CB5C-FE94-44AC-9984-AFD1913CE61A}.Release|Any CPU.ActiveCfg = Release|iPhone
		{29A0CB5C-FE94-44AC-9984-AFD1913CE61A}.Release|Any CPU.Build.0 = Release|iPhone
		{29A0CB5C-FE94-44AC-9984-AFD1913CE61A}.Release|Any CPU.Deploy.0 = Release|iPhone
		{29A0CB5C-FE94-44AC-9984-AFD1913CE61A}.Release|ARM.ActiveCfg = Release|iPhone
		{29A0CB5C-FE94-44AC-9984-AFD1913CE61A}.Release|ARM.Build.0 = Release|iPhone
		{29A0CB5C-FE94-44AC-9984-AFD1913CE61A}.Release|ARM.Deploy.0 = Release|iPhone
		{29A0CB5C-FE94-44AC-9984-AFD1913CE61A}.Release|iPhone.ActiveCfg = Release|iPhone
		{29A0CB5C-FE94-44AC-9984-AFD1913CE61A}.Release|iPhone.Build.0 = Release|iPhone
		{29A0CB5C-FE94-44AC-9984-AFD1913CE61A}.Release|iPhone.Deploy.0 = Release|iPhone
		{29A0CB5C-FE94-44AC-9984-AFD1913CE61A}.Release|iPhoneSimulator.ActiveCfg = Release|iPhoneSimulator
		{29A0CB5C-FE94-44AC-9984-AFD1913CE61A}.Release|iPhoneSimulator.Build.0 = Release|iPhoneSimulator
		{29A0CB5C-FE94-44AC-9984-AFD1913CE61A}.Release|iPhoneSimulator.Deploy.0 = Release|iPhoneSimulator
		{29A0CB5C-FE94-44AC-9984-AFD1913CE61A}.Release|x64.ActiveCfg = Release|iPhone
		{29A0CB5C-FE94-44AC-9984-AFD1913CE61A}.Release|x64.Build.0 = Release|iPhone
		{29A0CB5C-FE94-44AC-9984-AFD1913CE61A}.Release|x64.Deploy.0 = Release|iPhone
		{29A0CB5C-FE94-44AC-9984-AFD1913CE61A}.Release|x86.ActiveCfg = Release|iPhone
		{29A0CB5C-FE94-44AC-9984-AFD1913CE61A}.Release|x86.Build.0 = Release|iPhone
		{29A0CB5C-FE94-44AC-9984-AFD1913CE61A}.Release|x86.Deploy.0 = Release|iPhone
		{B2424AAB-2076-47B8-9B2D-7CD420C03608}.Debug|Any CPU.ActiveCfg = Debug|Any CPU
		{B2424AAB-2076-47B8-9B2D-7CD420C03608}.Debug|Any CPU.Build.0 = Debug|Any CPU
		{B2424AAB-2076-47B8-9B2D-7CD420C03608}.Debug|Any CPU.Deploy.0 = Debug|Any CPU
		{B2424AAB-2076-47B8-9B2D-7CD420C03608}.Debug|ARM.ActiveCfg = Debug|Any CPU
		{B2424AAB-2076-47B8-9B2D-7CD420C03608}.Debug|ARM.Build.0 = Debug|Any CPU
		{B2424AAB-2076-47B8-9B2D-7CD420C03608}.Debug|ARM.Deploy.0 = Debug|Any CPU
		{B2424AAB-2076-47B8-9B2D-7CD420C03608}.Debug|iPhone.ActiveCfg = Debug|Any CPU
		{B2424AAB-2076-47B8-9B2D-7CD420C03608}.Debug|iPhone.Build.0 = Debug|Any CPU
		{B2424AAB-2076-47B8-9B2D-7CD420C03608}.Debug|iPhone.Deploy.0 = Debug|Any CPU
		{B2424AAB-2076-47B8-9B2D-7CD420C03608}.Debug|iPhoneSimulator.ActiveCfg = Debug|Any CPU
		{B2424AAB-2076-47B8-9B2D-7CD420C03608}.Debug|iPhoneSimulator.Build.0 = Debug|Any CPU
		{B2424AAB-2076-47B8-9B2D-7CD420C03608}.Debug|iPhoneSimulator.Deploy.0 = Debug|Any CPU
		{B2424AAB-2076-47B8-9B2D-7CD420C03608}.Debug|x64.ActiveCfg = Debug|Any CPU
		{B2424AAB-2076-47B8-9B2D-7CD420C03608}.Debug|x64.Build.0 = Debug|Any CPU
		{B2424AAB-2076-47B8-9B2D-7CD420C03608}.Debug|x64.Deploy.0 = Debug|Any CPU
		{B2424AAB-2076-47B8-9B2D-7CD420C03608}.Debug|x86.ActiveCfg = Debug|Any CPU
		{B2424AAB-2076-47B8-9B2D-7CD420C03608}.Debug|x86.Build.0 = Debug|Any CPU
		{B2424AAB-2076-47B8-9B2D-7CD420C03608}.Debug|x86.Deploy.0 = Debug|Any CPU
		{B2424AAB-2076-47B8-9B2D-7CD420C03608}.Release|Any CPU.ActiveCfg = Release|Any CPU
		{B2424AAB-2076-47B8-9B2D-7CD420C03608}.Release|Any CPU.Build.0 = Release|Any CPU
		{B2424AAB-2076-47B8-9B2D-7CD420C03608}.Release|Any CPU.Deploy.0 = Release|Any CPU
		{B2424AAB-2076-47B8-9B2D-7CD420C03608}.Release|ARM.ActiveCfg = Release|Any CPU
		{B2424AAB-2076-47B8-9B2D-7CD420C03608}.Release|ARM.Build.0 = Release|Any CPU
		{B2424AAB-2076-47B8-9B2D-7CD420C03608}.Release|ARM.Deploy.0 = Release|Any CPU
		{B2424AAB-2076-47B8-9B2D-7CD420C03608}.Release|iPhone.ActiveCfg = Release|Any CPU
		{B2424AAB-2076-47B8-9B2D-7CD420C03608}.Release|iPhone.Build.0 = Release|Any CPU
		{B2424AAB-2076-47B8-9B2D-7CD420C03608}.Release|iPhone.Deploy.0 = Release|Any CPU
		{B2424AAB-2076-47B8-9B2D-7CD420C03608}.Release|iPhoneSimulator.ActiveCfg = Release|Any CPU
		{B2424AAB-2076-47B8-9B2D-7CD420C03608}.Release|iPhoneSimulator.Build.0 = Release|Any CPU
		{B2424AAB-2076-47B8-9B2D-7CD420C03608}.Release|iPhoneSimulator.Deploy.0 = Release|Any CPU
		{B2424AAB-2076-47B8-9B2D-7CD420C03608}.Release|x64.ActiveCfg = Release|Any CPU
		{B2424AAB-2076-47B8-9B2D-7CD420C03608}.Release|x64.Build.0 = Release|Any CPU
		{B2424AAB-2076-47B8-9B2D-7CD420C03608}.Release|x64.Deploy.0 = Release|Any CPU
		{B2424AAB-2076-47B8-9B2D-7CD420C03608}.Release|x86.ActiveCfg = Release|Any CPU
		{B2424AAB-2076-47B8-9B2D-7CD420C03608}.Release|x86.Build.0 = Release|Any CPU
		{B2424AAB-2076-47B8-9B2D-7CD420C03608}.Release|x86.Deploy.0 = Release|Any CPU
	EndGlobalSection
	GlobalSection(SolutionProperties) = preSolution
		HideSolutionNode = FALSE
	EndGlobalSection
	GlobalSection(ExtensibilityGlobals) = postSolution
		SolutionGuid = {421DC51E-923A-4E78-A04D-A57EEFA278A1}
	EndGlobalSection
EndGlobal
