
Microsoft Visual Studio Solution File, Format Version 12.00
# Visual Studio Version 16
VisualStudioVersion = 16.0.29306.81
MinimumVisualStudioVersion = 10.0.40219.1
Project("{FAE04EC0-301F-11D3-BF4B-00C04F79EFBC}") = "XamarinTableViewApp.UWP", "XamarinTableViewApp\XamarinTableViewApp.UWP\XamarinTableViewApp.UWP.csproj", "{458C5523-11EF-4D35-AC4E-C336FF72D907}"
EndProject
Project("{FAE04EC0-301F-11D3-BF4B-00C04F79EFBC}") = "XamarinTableViewApp.Android", "XamarinTableViewApp\XamarinTableViewApp.Android\XamarinTableViewApp.Android.csproj", "{F1CB2110-F481-4982-9029-669FAB7281F3}"
EndProject
Project("{FAE04EC0-301F-11D3-BF4B-00C04F79EFBC}") = "XamarinTableViewApp.iOS", "XamarinTableViewApp\XamarinTableViewApp.iOS\XamarinTableViewApp.iOS.csproj", "{81EA7CDF-3104-47E6-B52F-12427B37745B}"
EndProject
Project("{FAE04EC0-301F-11D3-BF4B-00C04F79EFBC}") = "XamarinTableViewApp", "XamarinTableViewApp\XamarinTableViewApp\XamarinTableViewApp.csproj", "{D5986060-E205-41CF-AC72-5D675E8B9C6F}"
EndProject
Global
	GlobalSection(SolutionConfigurationPlatforms) = preSolution
		Debug|Any CPU = Debug|Any CPU
		Debug|ARM = Debug|ARM
		Debug|iPhone = Debug|iPhone
		Debug|iPhoneSimulator = Debug|iPhoneSimulator
		Debug|x64 = Debug|x64
		Debug|x86 = Debug|x86
		Release|Any CPU = Release|Any CPU
		Release|ARM = Release|ARM
		Release|iPhone = Release|iPhone
		Release|iPhoneSimulator = Release|iPhoneSimulator
		Release|x64 = Release|x64
		Release|x86 = Release|x86
	EndGlobalSection
	GlobalSection(ProjectConfigurationPlatforms) = postSolution
		{458C5523-11EF-4D35-AC4E-C336FF72D907}.Debug|Any CPU.ActiveCfg = Debug|x86
		{458C5523-11EF-4D35-AC4E-C336FF72D907}.Debug|Any CPU.Build.0 = Debug|x86
		{458C5523-11EF-4D35-AC4E-C336FF72D907}.Debug|Any CPU.Deploy.0 = Debug|x86
		{458C5523-11EF-4D35-AC4E-C336FF72D907}.Debug|ARM.ActiveCfg = Debug|ARM
		{458C5523-11EF-4D35-AC4E-C336FF72D907}.Debug|ARM.Build.0 = Debug|ARM
		{458C5523-11EF-4D35-AC4E-C336FF72D907}.Debug|ARM.Deploy.0 = Debug|ARM
		{458C5523-11EF-4D35-AC4E-C336FF72D907}.Debug|iPhone.ActiveCfg = Debug|x86
		{458C5523-11EF-4D35-AC4E-C336FF72D907}.Debug|iPhone.Build.0 = Debug|x86
		{458C5523-11EF-4D35-AC4E-C336FF72D907}.Debug|iPhone.Deploy.0 = Debug|x86
		{458C5523-11EF-4D35-AC4E-C336FF72D907}.Debug|iPhoneSimulator.ActiveCfg = Debug|x86
		{458C5523-11EF-4D35-AC4E-C336FF72D907}.Debug|iPhoneSimulator.Build.0 = Debug|x86
		{458C5523-11EF-4D35-AC4E-C336FF72D907}.Debug|iPhoneSimulator.Deploy.0 = Debug|x86
		{458C5523-11EF-4D35-AC4E-C336FF72D907}.Debug|x64.ActiveCfg = Debug|x64
		{458C5523-11EF-4D35-AC4E-C336FF72D907}.Debug|x64.Build.0 = Debug|x64
		{458C5523-11EF-4D35-AC4E-C336FF72D907}.Debug|x64.Deploy.0 = Debug|x64
		{458C5523-11EF-4D35-AC4E-C336FF72D907}.Debug|x86.ActiveCfg = Debug|x86
		{458C5523-11EF-4D35-AC4E-C336FF72D907}.Debug|x86.Build.0 = Debug|x86
		{458C5523-11EF-4D35-AC4E-C336FF72D907}.Debug|x86.Deploy.0 = Debug|x86
		{458C5523-11EF-4D35-AC4E-C336FF72D907}.Release|Any CPU.ActiveCfg = Release|x86
		{458C5523-11EF-4D35-AC4E-C336FF72D907}.Release|Any CPU.Build.0 = Release|x86
		{458C5523-11EF-4D35-AC4E-C336FF72D907}.Release|Any CPU.Deploy.0 = Release|x86
		{458C5523-11EF-4D35-AC4E-C336FF72D907}.Release|ARM.ActiveCfg = Release|ARM
		{458C5523-11EF-4D35-AC4E-C336FF72D907}.Release|ARM.Build.0 = Release|ARM
		{458C5523-11EF-4D35-AC4E-C336FF72D907}.Release|ARM.Deploy.0 = Release|ARM
		{458C5523-11EF-4D35-AC4E-C336FF72D907}.Release|iPhone.ActiveCfg = Release|x86
		{458C5523-11EF-4D35-AC4E-C336FF72D907}.Release|iPhone.Build.0 = Release|x86
		{458C5523-11EF-4D35-AC4E-C336FF72D907}.Release|iPhone.Deploy.0 = Release|x86
		{458C5523-11EF-4D35-AC4E-C336FF72D907}.Release|iPhoneSimulator.ActiveCfg = Release|x86
		{458C5523-11EF-4D35-AC4E-C336FF72D907}.Release|iPhoneSimulator.Build.0 = Release|x86
		{458C5523-11EF-4D35-AC4E-C336FF72D907}.Release|iPhoneSimulator.Deploy.0 = Release|x86
		{458C5523-11EF-4D35-AC4E-C336FF72D907}.Release|x64.ActiveCfg = Release|x64
		{458C5523-11EF-4D35-AC4E-C336FF72D907}.Release|x64.Build.0 = Release|x64
		{458C5523-11EF-4D35-AC4E-C336FF72D907}.Release|x64.Deploy.0 = Release|x64
		{458C5523-11EF-4D35-AC4E-C336FF72D907}.Release|x86.ActiveCfg = Release|x86
		{458C5523-11EF-4D35-AC4E-C336FF72D907}.Release|x86.Build.0 = Release|x86
		{458C5523-11EF-4D35-AC4E-C336FF72D907}.Release|x86.Deploy.0 = Release|x86
		{F1CB2110-F481-4982-9029-669FAB7281F3}.Debug|Any CPU.ActiveCfg = Debug|Any CPU
		{F1CB2110-F481-4982-9029-669FAB7281F3}.Debug|Any CPU.Build.0 = Debug|Any CPU
		{F1CB2110-F481-4982-9029-669FAB7281F3}.Debug|Any CPU.Deploy.0 = Debug|Any CPU
		{F1CB2110-F481-4982-9029-669FAB7281F3}.Debug|ARM.ActiveCfg = Debug|Any CPU
		{F1CB2110-F481-4982-9029-669FAB7281F3}.Debug|ARM.Build.0 = Debug|Any CPU
		{F1CB2110-F481-4982-9029-669FAB7281F3}.Debug|ARM.Deploy.0 = Debug|Any CPU
		{F1CB2110-F481-4982-9029-669FAB7281F3}.Debug|iPhone.ActiveCfg = Debug|Any CPU
		{F1CB2110-F481-4982-9029-669FAB7281F3}.Debug|iPhone.Build.0 = Debug|Any CPU
		{F1CB2110-F481-4982-9029-669FAB7281F3}.Debug|iPhone.Deploy.0 = Debug|Any CPU
		{F1CB2110-F481-4982-9029-669FAB7281F3}.Debug|iPhoneSimulator.ActiveCfg = Debug|Any CPU
		{F1CB2110-F481-4982-9029-669FAB7281F3}.Debug|iPhoneSimulator.Build.0 = Debug|Any CPU
		{F1CB2110-F481-4982-9029-669FAB7281F3}.Debug|iPhoneSimulator.Deploy.0 = Debug|Any CPU
		{F1CB2110-F481-4982-9029-669FAB7281F3}.Debug|x64.ActiveCfg = Debug|Any CPU
		{F1CB2110-F481-4982-9029-669FAB7281F3}.Debug|x64.Build.0 = Debug|Any CPU
		{F1CB2110-F481-4982-9029-669FAB7281F3}.Debug|x64.Deploy.0 = Debug|Any CPU
		{F1CB2110-F481-4982-9029-669FAB7281F3}.Debug|x86.ActiveCfg = Debug|Any CPU
		{F1CB2110-F481-4982-9029-669FAB7281F3}.Debug|x86.Build.0 = Debug|Any CPU
		{F1CB2110-F481-4982-9029-669FAB7281F3}.Debug|x86.Deploy.0 = Debug|Any CPU
		{F1CB2110-F481-4982-9029-669FAB7281F3}.Release|Any CPU.ActiveCfg = Release|Any CPU
		{F1CB2110-F481-4982-9029-669FAB7281F3}.Release|Any CPU.Build.0 = Release|Any CPU
		{F1CB2110-F481-4982-9029-669FAB7281F3}.Release|Any CPU.Deploy.0 = Release|Any CPU
		{F1CB2110-F481-4982-9029-669FAB7281F3}.Release|ARM.ActiveCfg = Release|Any CPU
		{F1CB2110-F481-4982-9029-669FAB7281F3}.Release|ARM.Build.0 = Release|Any CPU
		{F1CB2110-F481-4982-9029-669FAB7281F3}.Release|ARM.Deploy.0 = Release|Any CPU
		{F1CB2110-F481-4982-9029-669FAB7281F3}.Release|iPhone.ActiveCfg = Release|Any CPU
		{F1CB2110-F481-4982-9029-669FAB7281F3}.Release|iPhone.Build.0 = Release|Any CPU
		{F1CB2110-F481-4982-9029-669FAB7281F3}.Release|iPhone.Deploy.0 = Release|Any CPU
		{F1CB2110-F481-4982-9029-669FAB7281F3}.Release|iPhoneSimulator.ActiveCfg = Release|Any CPU
		{F1CB2110-F481-4982-9029-669FAB7281F3}.Release|iPhoneSimulator.Build.0 = Release|Any CPU
		{F1CB2110-F481-4982-9029-669FAB7281F3}.Release|iPhoneSimulator.Deploy.0 = Release|Any CPU
		{F1CB2110-F481-4982-9029-669FAB7281F3}.Release|x64.ActiveCfg = Release|Any CPU
		{F1CB2110-F481-4982-9029-669FAB7281F3}.Release|x64.Build.0 = Release|Any CPU
		{F1CB2110-F481-4982-9029-669FAB7281F3}.Release|x64.Deploy.0 = Release|Any CPU
		{F1CB2110-F481-4982-9029-669FAB7281F3}.Release|x86.ActiveCfg = Release|Any CPU
		{F1CB2110-F481-4982-9029-669FAB7281F3}.Release|x86.Build.0 = Release|Any CPU
		{F1CB2110-F481-4982-9029-669FAB7281F3}.Release|x86.Deploy.0 = Release|Any CPU
		{81EA7CDF-3104-47E6-B52F-12427B37745B}.Debug|Any CPU.ActiveCfg = Debug|iPhone
		{81EA7CDF-3104-47E6-B52F-12427B37745B}.Debug|Any CPU.Build.0 = Debug|iPhone
		{81EA7CDF-3104-47E6-B52F-12427B37745B}.Debug|Any CPU.Deploy.0 = Debug|iPhone
		{81EA7CDF-3104-47E6-B52F-12427B37745B}.Debug|ARM.ActiveCfg = Debug|iPhoneSimulator
		{81EA7CDF-3104-47E6-B52F-12427B37745B}.Debug|ARM.Build.0 = Debug|iPhoneSimulator
		{81EA7CDF-3104-47E6-B52F-12427B37745B}.Debug|ARM.Deploy.0 = Debug|iPhoneSimulator
		{81EA7CDF-3104-47E6-B52F-12427B37745B}.Debug|iPhone.ActiveCfg = Debug|iPhone
		{81EA7CDF-3104-47E6-B52F-12427B37745B}.Debug|iPhone.Build.0 = Debug|iPhone
		{81EA7CDF-3104-47E6-B52F-12427B37745B}.Debug|iPhone.Deploy.0 = Debug|iPhone
		{81EA7CDF-3104-47E6-B52F-12427B37745B}.Debug|iPhoneSimulator.ActiveCfg = Debug|iPhoneSimulator
		{81EA7CDF-3104-47E6-B52F-12427B37745B}.Debug|iPhoneSimulator.Build.0 = Debug|iPhoneSimulator
		{81EA7CDF-3104-47E6-B52F-12427B37745B}.Debug|iPhoneSimulator.Deploy.0 = Debug|iPhoneSimulator
		{81EA7CDF-3104-47E6-B52F-12427B37745B}.Debug|x64.ActiveCfg = Debug|iPhone
		{81EA7CDF-3104-47E6-B52F-12427B37745B}.Debug|x64.Build.0 = Debug|iPhone
		{81EA7CDF-3104-47E6-B52F-12427B37745B}.Debug|x64.Deploy.0 = Debug|iPhone
		{81EA7CDF-3104-47E6-B52F-12427B37745B}.Debug|x86.ActiveCfg = Debug|iPhone
		{81EA7CDF-3104-47E6-B52F-12427B37745B}.Debug|x86.Build.0 = Debug|iPhone
		{81EA7CDF-3104-47E6-B52F-12427B37745B}.Debug|x86.Deploy.0 = Debug|iPhone
		{81EA7CDF-3104-47E6-B52F-12427B37745B}.Release|Any CPU.ActiveCfg = Release|iPhone
		{81EA7CDF-3104-47E6-B52F-12427B37745B}.Release|Any CPU.Build.0 = Release|iPhone
		{81EA7CDF-3104-47E6-B52F-12427B37745B}.Release|Any CPU.Deploy.0 = Release|iPhone
		{81EA7CDF-3104-47E6-B52F-12427B37745B}.Release|ARM.ActiveCfg = Release|iPhone
		{81EA7CDF-3104-47E6-B52F-12427B37745B}.Release|ARM.Build.0 = Release|iPhone
		{81EA7CDF-3104-47E6-B52F-12427B37745B}.Release|ARM.Deploy.0 = Release|iPhone
		{81EA7CDF-3104-47E6-B52F-12427B37745B}.Release|iPhone.ActiveCfg = Release|iPhone
		{81EA7CDF-3104-47E6-B52F-12427B37745B}.Release|iPhone.Build.0 = Release|iPhone
		{81EA7CDF-3104-47E6-B52F-12427B37745B}.Release|iPhone.Deploy.0 = Release|iPhone
		{81EA7CDF-3104-47E6-B52F-12427B37745B}.Release|iPhoneSimulator.ActiveCfg = Release|iPhoneSimulator
		{81EA7CDF-3104-47E6-B52F-12427B37745B}.Release|iPhoneSimulator.Build.0 = Release|iPhoneSimulator
		{81EA7CDF-3104-47E6-B52F-12427B37745B}.Release|iPhoneSimulator.Deploy.0 = Release|iPhoneSimulator
		{81EA7CDF-3104-47E6-B52F-12427B37745B}.Release|x64.ActiveCfg = Release|iPhone
		{81EA7CDF-3104-47E6-B52F-12427B37745B}.Release|x64.Build.0 = Release|iPhone
		{81EA7CDF-3104-47E6-B52F-12427B37745B}.Release|x64.Deploy.0 = Release|iPhone
		{81EA7CDF-3104-47E6-B52F-12427B37745B}.Release|x86.ActiveCfg = Release|iPhone
		{81EA7CDF-3104-47E6-B52F-12427B37745B}.Release|x86.Build.0 = Release|iPhone
		{81EA7CDF-3104-47E6-B52F-12427B37745B}.Release|x86.Deploy.0 = Release|iPhone
		{D5986060-E205-41CF-AC72-5D675E8B9C6F}.Debug|Any CPU.ActiveCfg = Debug|Any CPU
		{D5986060-E205-41CF-AC72-5D675E8B9C6F}.Debug|Any CPU.Build.0 = Debug|Any CPU
		{D5986060-E205-41CF-AC72-5D675E8B9C6F}.Debug|Any CPU.Deploy.0 = Debug|Any CPU
		{D5986060-E205-41CF-AC72-5D675E8B9C6F}.Debug|ARM.ActiveCfg = Debug|Any CPU
		{D5986060-E205-41CF-AC72-5D675E8B9C6F}.Debug|ARM.Build.0 = Debug|Any CPU
		{D5986060-E205-41CF-AC72-5D675E8B9C6F}.Debug|ARM.Deploy.0 = Debug|Any CPU
		{D5986060-E205-41CF-AC72-5D675E8B9C6F}.Debug|iPhone.ActiveCfg = Debug|Any CPU
		{D5986060-E205-41CF-AC72-5D675E8B9C6F}.Debug|iPhone.Build.0 = Debug|Any CPU
		{D5986060-E205-41CF-AC72-5D675E8B9C6F}.Debug|iPhone.Deploy.0 = Debug|Any CPU
		{D5986060-E205-41CF-AC72-5D675E8B9C6F}.Debug|iPhoneSimulator.ActiveCfg = Debug|Any CPU
		{D5986060-E205-41CF-AC72-5D675E8B9C6F}.Debug|iPhoneSimulator.Build.0 = Debug|Any CPU
		{D5986060-E205-41CF-AC72-5D675E8B9C6F}.Debug|iPhoneSimulator.Deploy.0 = Debug|Any CPU
		{D5986060-E205-41CF-AC72-5D675E8B9C6F}.Debug|x64.ActiveCfg = Debug|Any CPU
		{D5986060-E205-41CF-AC72-5D675E8B9C6F}.Debug|x64.Build.0 = Debug|Any CPU
		{D5986060-E205-41CF-AC72-5D675E8B9C6F}.Debug|x64.Deploy.0 = Debug|Any CPU
		{D5986060-E205-41CF-AC72-5D675E8B9C6F}.Debug|x86.ActiveCfg = Debug|Any CPU
		{D5986060-E205-41CF-AC72-5D675E8B9C6F}.Debug|x86.Build.0 = Debug|Any CPU
		{D5986060-E205-41CF-AC72-5D675E8B9C6F}.Debug|x86.Deploy.0 = Debug|Any CPU
		{D5986060-E205-41CF-AC72-5D675E8B9C6F}.Release|Any CPU.ActiveCfg = Release|Any CPU
		{D5986060-E205-41CF-AC72-5D675E8B9C6F}.Release|Any CPU.Build.0 = Release|Any CPU
		{D5986060-E205-41CF-AC72-5D675E8B9C6F}.Release|Any CPU.Deploy.0 = Release|Any CPU
		{D5986060-E205-41CF-AC72-5D675E8B9C6F}.Release|ARM.ActiveCfg = Release|Any CPU
		{D5986060-E205-41CF-AC72-5D675E8B9C6F}.Release|ARM.Build.0 = Release|Any CPU
		{D5986060-E205-41CF-AC72-5D675E8B9C6F}.Release|ARM.Deploy.0 = Release|Any CPU
		{D5986060-E205-41CF-AC72-5D675E8B9C6F}.Release|iPhone.ActiveCfg = Release|Any CPU
		{D5986060-E205-41CF-AC72-5D675E8B9C6F}.Release|iPhone.Build.0 = Release|Any CPU
		{D5986060-E205-41CF-AC72-5D675E8B9C6F}.Release|iPhone.Deploy.0 = Release|Any CPU
		{D5986060-E205-41CF-AC72-5D675E8B9C6F}.Release|iPhoneSimulator.ActiveCfg = Release|Any CPU
		{D5986060-E205-41CF-AC72-5D675E8B9C6F}.Release|iPhoneSimulator.Build.0 = Release|Any CPU
		{D5986060-E205-41CF-AC72-5D675E8B9C6F}.Release|iPhoneSimulator.Deploy.0 = Release|Any CPU
		{D5986060-E205-41CF-AC72-5D675E8B9C6F}.Release|x64.ActiveCfg = Release|Any CPU
		{D5986060-E205-41CF-AC72-5D675E8B9C6F}.Release|x64.Build.0 = Release|Any CPU
		{D5986060-E205-41CF-AC72-5D675E8B9C6F}.Release|x64.Deploy.0 = Release|Any CPU
		{D5986060-E205-41CF-AC72-5D675E8B9C6F}.Release|x86.ActiveCfg = Release|Any CPU
		{D5986060-E205-41CF-AC72-5D675E8B9C6F}.Release|x86.Build.0 = Release|Any CPU
		{D5986060-E205-41CF-AC72-5D675E8B9C6F}.Release|x86.Deploy.0 = Release|Any CPU
	EndGlobalSection
	GlobalSection(SolutionProperties) = preSolution
		HideSolutionNode = FALSE
	EndGlobalSection
	GlobalSection(ExtensibilityGlobals) = postSolution
		SolutionGuid = {869B83A9-41CE-4BC4-8F90-C6A6612F735D}
	EndGlobalSection
EndGlobal
