
Microsoft Visual Studio Solution File, Format Version 12.00
# Visual Studio Version 16
VisualStudioVersion = 16.0.29411.108
MinimumVisualStudioVersion = 10.0.40219.1
Project("{FAE04EC0-301F-11D3-BF4B-00C04F79EFBC}") = "XamarinListViewApp.UWP", "XamarinListViewApp\XamarinListViewApp.UWP\XamarinListViewApp.UWP.csproj", "{27217BB1-15F2-45C2-8E0F-94865676FE0D}"
EndProject
Project("{FAE04EC0-301F-11D3-BF4B-00C04F79EFBC}") = "XamarinListViewApp.Android", "XamarinListViewApp\XamarinListViewApp.Android\XamarinListViewApp.Android.csproj", "{1C4AD3DA-1540-4DF6-9530-AB474984A777}"
EndProject
Project("{FAE04EC0-301F-11D3-BF4B-00C04F79EFBC}") = "XamarinListViewApp.iOS", "XamarinListViewApp\XamarinListViewApp.iOS\XamarinListViewApp.iOS.csproj", "{AC1CC469-65C6-4892-AEBD-58D7B635BD3D}"
EndProject
Project("{FAE04EC0-301F-11D3-BF4B-00C04F79EFBC}") = "XamarinListViewApp", "XamarinListViewApp\XamarinListViewApp\XamarinListViewApp.csproj", "{248D8AF0-0E26-448C-8647-F37FFDDB6AF8}"
EndProject
Global
	GlobalSection(SolutionConfigurationPlatforms) = preSolution
		Debug|Any CPU = Debug|Any CPU
		Debug|ARM = Debug|ARM
		Debug|iPhone = Debug|iPhone
		Debug|iPhoneSimulator = Debug|iPhoneSimulator
		Debug|x64 = Debug|x64
		Debug|x86 = Debug|x86
		Release|Any CPU = Release|Any CPU
		Release|ARM = Release|ARM
		Release|iPhone = Release|iPhone
		Release|iPhoneSimulator = Release|iPhoneSimulator
		Release|x64 = Release|x64
		Release|x86 = Release|x86
	EndGlobalSection
	GlobalSection(ProjectConfigurationPlatforms) = postSolution
		{27217BB1-15F2-45C2-8E0F-94865676FE0D}.Debug|Any CPU.ActiveCfg = Debug|x86
		{27217BB1-15F2-45C2-8E0F-94865676FE0D}.Debug|Any CPU.Build.0 = Debug|x86
		{27217BB1-15F2-45C2-8E0F-94865676FE0D}.Debug|Any CPU.Deploy.0 = Debug|x86
		{27217BB1-15F2-45C2-8E0F-94865676FE0D}.Debug|ARM.ActiveCfg = Debug|ARM
		{27217BB1-15F2-45C2-8E0F-94865676FE0D}.Debug|ARM.Build.0 = Debug|ARM
		{27217BB1-15F2-45C2-8E0F-94865676FE0D}.Debug|ARM.Deploy.0 = Debug|ARM
		{27217BB1-15F2-45C2-8E0F-94865676FE0D}.Debug|iPhone.ActiveCfg = Debug|x86
		{27217BB1-15F2-45C2-8E0F-94865676FE0D}.Debug|iPhone.Build.0 = Debug|x86
		{27217BB1-15F2-45C2-8E0F-94865676FE0D}.Debug|iPhone.Deploy.0 = Debug|x86
		{27217BB1-15F2-45C2-8E0F-94865676FE0D}.Debug|iPhoneSimulator.ActiveCfg = Debug|x86
		{27217BB1-15F2-45C2-8E0F-94865676FE0D}.Debug|iPhoneSimulator.Build.0 = Debug|x86
		{27217BB1-15F2-45C2-8E0F-94865676FE0D}.Debug|iPhoneSimulator.Deploy.0 = Debug|x86
		{27217BB1-15F2-45C2-8E0F-94865676FE0D}.Debug|x64.ActiveCfg = Debug|x64
		{27217BB1-15F2-45C2-8E0F-94865676FE0D}.Debug|x64.Build.0 = Debug|x64
		{27217BB1-15F2-45C2-8E0F-94865676FE0D}.Debug|x64.Deploy.0 = Debug|x64
		{27217BB1-15F2-45C2-8E0F-94865676FE0D}.Debug|x86.ActiveCfg = Debug|x86
		{27217BB1-15F2-45C2-8E0F-94865676FE0D}.Debug|x86.Build.0 = Debug|x86
		{27217BB1-15F2-45C2-8E0F-94865676FE0D}.Debug|x86.Deploy.0 = Debug|x86
		{27217BB1-15F2-45C2-8E0F-94865676FE0D}.Release|Any CPU.ActiveCfg = Release|x86
		{27217BB1-15F2-45C2-8E0F-94865676FE0D}.Release|Any CPU.Build.0 = Release|x86
		{27217BB1-15F2-45C2-8E0F-94865676FE0D}.Release|Any CPU.Deploy.0 = Release|x86
		{27217BB1-15F2-45C2-8E0F-94865676FE0D}.Release|ARM.ActiveCfg = Release|ARM
		{27217BB1-15F2-45C2-8E0F-94865676FE0D}.Release|ARM.Build.0 = Release|ARM
		{27217BB1-15F2-45C2-8E0F-94865676FE0D}.Release|ARM.Deploy.0 = Release|ARM
		{27217BB1-15F2-45C2-8E0F-94865676FE0D}.Release|iPhone.ActiveCfg = Release|x86
		{27217BB1-15F2-45C2-8E0F-94865676FE0D}.Release|iPhone.Build.0 = Release|x86
		{27217BB1-15F2-45C2-8E0F-94865676FE0D}.Release|iPhone.Deploy.0 = Release|x86
		{27217BB1-15F2-45C2-8E0F-94865676FE0D}.Release|iPhoneSimulator.ActiveCfg = Release|x86
		{27217BB1-15F2-45C2-8E0F-94865676FE0D}.Release|iPhoneSimulator.Build.0 = Release|x86
		{27217BB1-15F2-45C2-8E0F-94865676FE0D}.Release|iPhoneSimulator.Deploy.0 = Release|x86
		{27217BB1-15F2-45C2-8E0F-94865676FE0D}.Release|x64.ActiveCfg = Release|x64
		{27217BB1-15F2-45C2-8E0F-94865676FE0D}.Release|x64.Build.0 = Release|x64
		{27217BB1-15F2-45C2-8E0F-94865676FE0D}.Release|x64.Deploy.0 = Release|x64
		{27217BB1-15F2-45C2-8E0F-94865676FE0D}.Release|x86.ActiveCfg = Release|x86
		{27217BB1-15F2-45C2-8E0F-94865676FE0D}.Release|x86.Build.0 = Release|x86
		{27217BB1-15F2-45C2-8E0F-94865676FE0D}.Release|x86.Deploy.0 = Release|x86
		{1C4AD3DA-1540-4DF6-9530-AB474984A777}.Debug|Any CPU.ActiveCfg = Debug|Any CPU
		{1C4AD3DA-1540-4DF6-9530-AB474984A777}.Debug|Any CPU.Build.0 = Debug|Any CPU
		{1C4AD3DA-1540-4DF6-9530-AB474984A777}.Debug|Any CPU.Deploy.0 = Debug|Any CPU
		{1C4AD3DA-1540-4DF6-9530-AB474984A777}.Debug|ARM.ActiveCfg = Debug|Any CPU
		{1C4AD3DA-1540-4DF6-9530-AB474984A777}.Debug|ARM.Build.0 = Debug|Any CPU
		{1C4AD3DA-1540-4DF6-9530-AB474984A777}.Debug|ARM.Deploy.0 = Debug|Any CPU
		{1C4AD3DA-1540-4DF6-9530-AB474984A777}.Debug|iPhone.ActiveCfg = Debug|Any CPU
		{1C4AD3DA-1540-4DF6-9530-AB474984A777}.Debug|iPhone.Build.0 = Debug|Any CPU
		{1C4AD3DA-1540-4DF6-9530-AB474984A777}.Debug|iPhone.Deploy.0 = Debug|Any CPU
		{1C4AD3DA-1540-4DF6-9530-AB474984A777}.Debug|iPhoneSimulator.ActiveCfg = Debug|Any CPU
		{1C4AD3DA-1540-4DF6-9530-AB474984A777}.Debug|iPhoneSimulator.Build.0 = Debug|Any CPU
		{1C4AD3DA-1540-4DF6-9530-AB474984A777}.Debug|iPhoneSimulator.Deploy.0 = Debug|Any CPU
		{1C4AD3DA-1540-4DF6-9530-AB474984A777}.Debug|x64.ActiveCfg = Debug|Any CPU
		{1C4AD3DA-1540-4DF6-9530-AB474984A777}.Debug|x64.Build.0 = Debug|Any CPU
		{1C4AD3DA-1540-4DF6-9530-AB474984A777}.Debug|x64.Deploy.0 = Debug|Any CPU
		{1C4AD3DA-1540-4DF6-9530-AB474984A777}.Debug|x86.ActiveCfg = Debug|Any CPU
		{1C4AD3DA-1540-4DF6-9530-AB474984A777}.Debug|x86.Build.0 = Debug|Any CPU
		{1C4AD3DA-1540-4DF6-9530-AB474984A777}.Debug|x86.Deploy.0 = Debug|Any CPU
		{1C4AD3DA-1540-4DF6-9530-AB474984A777}.Release|Any CPU.ActiveCfg = Release|Any CPU
		{1C4AD3DA-1540-4DF6-9530-AB474984A777}.Release|Any CPU.Build.0 = Release|Any CPU
		{1C4AD3DA-1540-4DF6-9530-AB474984A777}.Release|Any CPU.Deploy.0 = Release|Any CPU
		{1C4AD3DA-1540-4DF6-9530-AB474984A777}.Release|ARM.ActiveCfg = Release|Any CPU
		{1C4AD3DA-1540-4DF6-9530-AB474984A777}.Release|ARM.Build.0 = Release|Any CPU
		{1C4AD3DA-1540-4DF6-9530-AB474984A777}.Release|ARM.Deploy.0 = Release|Any CPU
		{1C4AD3DA-1540-4DF6-9530-AB474984A777}.Release|iPhone.ActiveCfg = Release|Any CPU
		{1C4AD3DA-1540-4DF6-9530-AB474984A777}.Release|iPhone.Build.0 = Release|Any CPU
		{1C4AD3DA-1540-4DF6-9530-AB474984A777}.Release|iPhone.Deploy.0 = Release|Any CPU
		{1C4AD3DA-1540-4DF6-9530-AB474984A777}.Release|iPhoneSimulator.ActiveCfg = Release|Any CPU
		{1C4AD3DA-1540-4DF6-9530-AB474984A777}.Release|iPhoneSimulator.Build.0 = Release|Any CPU
		{1C4AD3DA-1540-4DF6-9530-AB474984A777}.Release|iPhoneSimulator.Deploy.0 = Release|Any CPU
		{1C4AD3DA-1540-4DF6-9530-AB474984A777}.Release|x64.ActiveCfg = Release|Any CPU
		{1C4AD3DA-1540-4DF6-9530-AB474984A777}.Release|x64.Build.0 = Release|Any CPU
		{1C4AD3DA-1540-4DF6-9530-AB474984A777}.Release|x64.Deploy.0 = Release|Any CPU
		{1C4AD3DA-1540-4DF6-9530-AB474984A777}.Release|x86.ActiveCfg = Release|Any CPU
		{1C4AD3DA-1540-4DF6-9530-AB474984A777}.Release|x86.Build.0 = Release|Any CPU
		{1C4AD3DA-1540-4DF6-9530-AB474984A777}.Release|x86.Deploy.0 = Release|Any CPU
		{AC1CC469-65C6-4892-AEBD-58D7B635BD3D}.Debug|Any CPU.ActiveCfg = Debug|iPhone
		{AC1CC469-65C6-4892-AEBD-58D7B635BD3D}.Debug|Any CPU.Build.0 = Debug|iPhone
		{AC1CC469-65C6-4892-AEBD-58D7B635BD3D}.Debug|Any CPU.Deploy.0 = Debug|iPhone
		{AC1CC469-65C6-4892-AEBD-58D7B635BD3D}.Debug|ARM.ActiveCfg = Debug|iPhoneSimulator
		{AC1CC469-65C6-4892-AEBD-58D7B635BD3D}.Debug|ARM.Build.0 = Debug|iPhoneSimulator
		{AC1CC469-65C6-4892-AEBD-58D7B635BD3D}.Debug|ARM.Deploy.0 = Debug|iPhoneSimulator
		{AC1CC469-65C6-4892-AEBD-58D7B635BD3D}.Debug|iPhone.ActiveCfg = Debug|iPhone
		{AC1CC469-65C6-4892-AEBD-58D7B635BD3D}.Debug|iPhone.Build.0 = Debug|iPhone
		{AC1CC469-65C6-4892-AEBD-58D7B635BD3D}.Debug|iPhone.Deploy.0 = Debug|iPhone
		{AC1CC469-65C6-4892-AEBD-58D7B635BD3D}.Debug|iPhoneSimulator.ActiveCfg = Debug|iPhoneSimulator
		{AC1CC469-65C6-4892-AEBD-58D7B635BD3D}.Debug|iPhoneSimulator.Build.0 = Debug|iPhoneSimulator
		{AC1CC469-65C6-4892-AEBD-58D7B635BD3D}.Debug|iPhoneSimulator.Deploy.0 = Debug|iPhoneSimulator
		{AC1CC469-65C6-4892-AEBD-58D7B635BD3D}.Debug|x64.ActiveCfg = Debug|iPhone
		{AC1CC469-65C6-4892-AEBD-58D7B635BD3D}.Debug|x64.Build.0 = Debug|iPhone
		{AC1CC469-65C6-4892-AEBD-58D7B635BD3D}.Debug|x64.Deploy.0 = Debug|iPhone
		{AC1CC469-65C6-4892-AEBD-58D7B635BD3D}.Debug|x86.ActiveCfg = Debug|iPhone
		{AC1CC469-65C6-4892-AEBD-58D7B635BD3D}.Debug|x86.Build.0 = Debug|iPhone
		{AC1CC469-65C6-4892-AEBD-58D7B635BD3D}.Debug|x86.Deploy.0 = Debug|iPhone
		{AC1CC469-65C6-4892-AEBD-58D7B635BD3D}.Release|Any CPU.ActiveCfg = Release|iPhone
		{AC1CC469-65C6-4892-AEBD-58D7B635BD3D}.Release|Any CPU.Build.0 = Release|iPhone
		{AC1CC469-65C6-4892-AEBD-58D7B635BD3D}.Release|Any CPU.Deploy.0 = Release|iPhone
		{AC1CC469-65C6-4892-AEBD-58D7B635BD3D}.Release|ARM.ActiveCfg = Release|iPhone
		{AC1CC469-65C6-4892-AEBD-58D7B635BD3D}.Release|ARM.Build.0 = Release|iPhone
		{AC1CC469-65C6-4892-AEBD-58D7B635BD3D}.Release|ARM.Deploy.0 = Release|iPhone
		{AC1CC469-65C6-4892-AEBD-58D7B635BD3D}.Release|iPhone.ActiveCfg = Release|iPhone
		{AC1CC469-65C6-4892-AEBD-58D7B635BD3D}.Release|iPhone.Build.0 = Release|iPhone
		{AC1CC469-65C6-4892-AEBD-58D7B635BD3D}.Release|iPhone.Deploy.0 = Release|iPhone
		{AC1CC469-65C6-4892-AEBD-58D7B635BD3D}.Release|iPhoneSimulator.ActiveCfg = Release|iPhoneSimulator
		{AC1CC469-65C6-4892-AEBD-58D7B635BD3D}.Release|iPhoneSimulator.Build.0 = Release|iPhoneSimulator
		{AC1CC469-65C6-4892-AEBD-58D7B635BD3D}.Release|iPhoneSimulator.Deploy.0 = Release|iPhoneSimulator
		{AC1CC469-65C6-4892-AEBD-58D7B635BD3D}.Release|x64.ActiveCfg = Release|iPhone
		{AC1CC469-65C6-4892-AEBD-58D7B635BD3D}.Release|x64.Build.0 = Release|iPhone
		{AC1CC469-65C6-4892-AEBD-58D7B635BD3D}.Release|x64.Deploy.0 = Release|iPhone
		{AC1CC469-65C6-4892-AEBD-58D7B635BD3D}.Release|x86.ActiveCfg = Release|iPhone
		{AC1CC469-65C6-4892-AEBD-58D7B635BD3D}.Release|x86.Build.0 = Release|iPhone
		{AC1CC469-65C6-4892-AEBD-58D7B635BD3D}.Release|x86.Deploy.0 = Release|iPhone
		{248D8AF0-0E26-448C-8647-F37FFDDB6AF8}.Debug|Any CPU.ActiveCfg = Debug|Any CPU
		{248D8AF0-0E26-448C-8647-F37FFDDB6AF8}.Debug|Any CPU.Build.0 = Debug|Any CPU
		{248D8AF0-0E26-448C-8647-F37FFDDB6AF8}.Debug|Any CPU.Deploy.0 = Debug|Any CPU
		{248D8AF0-0E26-448C-8647-F37FFDDB6AF8}.Debug|ARM.ActiveCfg = Debug|Any CPU
		{248D8AF0-0E26-448C-8647-F37FFDDB6AF8}.Debug|ARM.Build.0 = Debug|Any CPU
		{248D8AF0-0E26-448C-8647-F37FFDDB6AF8}.Debug|ARM.Deploy.0 = Debug|Any CPU
		{248D8AF0-0E26-448C-8647-F37FFDDB6AF8}.Debug|iPhone.ActiveCfg = Debug|Any CPU
		{248D8AF0-0E26-448C-8647-F37FFDDB6AF8}.Debug|iPhone.Build.0 = Debug|Any CPU
		{248D8AF0-0E26-448C-8647-F37FFDDB6AF8}.Debug|iPhone.Deploy.0 = Debug|Any CPU
		{248D8AF0-0E26-448C-8647-F37FFDDB6AF8}.Debug|iPhoneSimulator.ActiveCfg = Debug|Any CPU
		{248D8AF0-0E26-448C-8647-F37FFDDB6AF8}.Debug|iPhoneSimulator.Build.0 = Debug|Any CPU
		{248D8AF0-0E26-448C-8647-F37FFDDB6AF8}.Debug|iPhoneSimulator.Deploy.0 = Debug|Any CPU
		{248D8AF0-0E26-448C-8647-F37FFDDB6AF8}.Debug|x64.ActiveCfg = Debug|Any CPU
		{248D8AF0-0E26-448C-8647-F37FFDDB6AF8}.Debug|x64.Build.0 = Debug|Any CPU
		{248D8AF0-0E26-448C-8647-F37FFDDB6AF8}.Debug|x64.Deploy.0 = Debug|Any CPU
		{248D8AF0-0E26-448C-8647-F37FFDDB6AF8}.Debug|x86.ActiveCfg = Debug|Any CPU
		{248D8AF0-0E26-448C-8647-F37FFDDB6AF8}.Debug|x86.Build.0 = Debug|Any CPU
		{248D8AF0-0E26-448C-8647-F37FFDDB6AF8}.Debug|x86.Deploy.0 = Debug|Any CPU
		{248D8AF0-0E26-448C-8647-F37FFDDB6AF8}.Release|Any CPU.ActiveCfg = Release|Any CPU
		{248D8AF0-0E26-448C-8647-F37FFDDB6AF8}.Release|Any CPU.Build.0 = Release|Any CPU
		{248D8AF0-0E26-448C-8647-F37FFDDB6AF8}.Release|Any CPU.Deploy.0 = Release|Any CPU
		{248D8AF0-0E26-448C-8647-F37FFDDB6AF8}.Release|ARM.ActiveCfg = Release|Any CPU
		{248D8AF0-0E26-448C-8647-F37FFDDB6AF8}.Release|ARM.Build.0 = Release|Any CPU
		{248D8AF0-0E26-448C-8647-F37FFDDB6AF8}.Release|ARM.Deploy.0 = Release|Any CPU
		{248D8AF0-0E26-448C-8647-F37FFDDB6AF8}.Release|iPhone.ActiveCfg = Release|Any CPU
		{248D8AF0-0E26-448C-8647-F37FFDDB6AF8}.Release|iPhone.Build.0 = Release|Any CPU
		{248D8AF0-0E26-448C-8647-F37FFDDB6AF8}.Release|iPhone.Deploy.0 = Release|Any CPU
		{248D8AF0-0E26-448C-8647-F37FFDDB6AF8}.Release|iPhoneSimulator.ActiveCfg = Release|Any CPU
		{248D8AF0-0E26-448C-8647-F37FFDDB6AF8}.Release|iPhoneSimulator.Build.0 = Release|Any CPU
		{248D8AF0-0E26-448C-8647-F37FFDDB6AF8}.Release|iPhoneSimulator.Deploy.0 = Release|Any CPU
		{248D8AF0-0E26-448C-8647-F37FFDDB6AF8}.Release|x64.ActiveCfg = Release|Any CPU
		{248D8AF0-0E26-448C-8647-F37FFDDB6AF8}.Release|x64.Build.0 = Release|Any CPU
		{248D8AF0-0E26-448C-8647-F37FFDDB6AF8}.Release|x64.Deploy.0 = Release|Any CPU
		{248D8AF0-0E26-448C-8647-F37FFDDB6AF8}.Release|x86.ActiveCfg = Release|Any CPU
		{248D8AF0-0E26-448C-8647-F37FFDDB6AF8}.Release|x86.Build.0 = Release|Any CPU
		{248D8AF0-0E26-448C-8647-F37FFDDB6AF8}.Release|x86.Deploy.0 = Release|Any CPU
	EndGlobalSection
	GlobalSection(SolutionProperties) = preSolution
		HideSolutionNode = FALSE
	EndGlobalSection
	GlobalSection(ExtensibilityGlobals) = postSolution
		SolutionGuid = {9C612864-F04D-4A5A-90EB-EE15B6558583}
	EndGlobalSection
EndGlobal
