
Microsoft Visual Studio Solution File, Format Version 12.00
# Visual Studio Version 16
VisualStudioVersion = 16.0.29306.81
MinimumVisualStudioVersion = 10.0.40219.1
Project("{FAE04EC0-301F-11D3-BF4B-00C04F79EFBC}") = "XamarinLayoutsApp.UWP", "XamarinLayoutsApp\XamarinLayoutsApp.UWP\XamarinLayoutsApp.UWP.csproj", "{6AFCF571-679B-426D-A80F-DF16DA7922A4}"
EndProject
Project("{FAE04EC0-301F-11D3-BF4B-00C04F79EFBC}") = "XamarinLayoutsApp.Android", "XamarinLayoutsApp\XamarinLayoutsApp.Android\XamarinLayoutsApp.Android.csproj", "{EE0D4B3B-F7B4-4C67-B05B-E39F767C089B}"
EndProject
Project("{FAE04EC0-301F-11D3-BF4B-00C04F79EFBC}") = "XamarinLayoutsApp.iOS", "XamarinLayoutsApp\XamarinLayoutsApp.iOS\XamarinLayoutsApp.iOS.csproj", "{B57E18FA-0A7B-48D8-94D5-3EC73BCB945F}"
EndProject
Project("{FAE04EC0-301F-11D3-BF4B-00C04F79EFBC}") = "XamarinLayoutsApp", "XamarinLayoutsApp\XamarinLayoutsApp\XamarinLayoutsApp.csproj", "{EC9A15BB-1965-495B-A830-49F704756ABC}"
EndProject
Global
	GlobalSection(SolutionConfigurationPlatforms) = preSolution
		Debug|Any CPU = Debug|Any CPU
		Debug|ARM = Debug|ARM
		Debug|iPhone = Debug|iPhone
		Debug|iPhoneSimulator = Debug|iPhoneSimulator
		Debug|x64 = Debug|x64
		Debug|x86 = Debug|x86
		Release|Any CPU = Release|Any CPU
		Release|ARM = Release|ARM
		Release|iPhone = Release|iPhone
		Release|iPhoneSimulator = Release|iPhoneSimulator
		Release|x64 = Release|x64
		Release|x86 = Release|x86
	EndGlobalSection
	GlobalSection(ProjectConfigurationPlatforms) = postSolution
		{6AFCF571-679B-426D-A80F-DF16DA7922A4}.Debug|Any CPU.ActiveCfg = Debug|x86
		{6AFCF571-679B-426D-A80F-DF16DA7922A4}.Debug|Any CPU.Build.0 = Debug|x86
		{6AFCF571-679B-426D-A80F-DF16DA7922A4}.Debug|Any CPU.Deploy.0 = Debug|x86
		{6AFCF571-679B-426D-A80F-DF16DA7922A4}.Debug|ARM.ActiveCfg = Debug|ARM
		{6AFCF571-679B-426D-A80F-DF16DA7922A4}.Debug|ARM.Build.0 = Debug|ARM
		{6AFCF571-679B-426D-A80F-DF16DA7922A4}.Debug|ARM.Deploy.0 = Debug|ARM
		{6AFCF571-679B-426D-A80F-DF16DA7922A4}.Debug|iPhone.ActiveCfg = Debug|x86
		{6AFCF571-679B-426D-A80F-DF16DA7922A4}.Debug|iPhone.Build.0 = Debug|x86
		{6AFCF571-679B-426D-A80F-DF16DA7922A4}.Debug|iPhone.Deploy.0 = Debug|x86
		{6AFCF571-679B-426D-A80F-DF16DA7922A4}.Debug|iPhoneSimulator.ActiveCfg = Debug|x86
		{6AFCF571-679B-426D-A80F-DF16DA7922A4}.Debug|iPhoneSimulator.Build.0 = Debug|x86
		{6AFCF571-679B-426D-A80F-DF16DA7922A4}.Debug|iPhoneSimulator.Deploy.0 = Debug|x86
		{6AFCF571-679B-426D-A80F-DF16DA7922A4}.Debug|x64.ActiveCfg = Debug|x64
		{6AFCF571-679B-426D-A80F-DF16DA7922A4}.Debug|x64.Build.0 = Debug|x64
		{6AFCF571-679B-426D-A80F-DF16DA7922A4}.Debug|x64.Deploy.0 = Debug|x64
		{6AFCF571-679B-426D-A80F-DF16DA7922A4}.Debug|x86.ActiveCfg = Debug|x86
		{6AFCF571-679B-426D-A80F-DF16DA7922A4}.Debug|x86.Build.0 = Debug|x86
		{6AFCF571-679B-426D-A80F-DF16DA7922A4}.Debug|x86.Deploy.0 = Debug|x86
		{6AFCF571-679B-426D-A80F-DF16DA7922A4}.Release|Any CPU.ActiveCfg = Release|x86
		{6AFCF571-679B-426D-A80F-DF16DA7922A4}.Release|Any CPU.Build.0 = Release|x86
		{6AFCF571-679B-426D-A80F-DF16DA7922A4}.Release|Any CPU.Deploy.0 = Release|x86
		{6AFCF571-679B-426D-A80F-DF16DA7922A4}.Release|ARM.ActiveCfg = Release|ARM
		{6AFCF571-679B-426D-A80F-DF16DA7922A4}.Release|ARM.Build.0 = Release|ARM
		{6AFCF571-679B-426D-A80F-DF16DA7922A4}.Release|ARM.Deploy.0 = Release|ARM
		{6AFCF571-679B-426D-A80F-DF16DA7922A4}.Release|iPhone.ActiveCfg = Release|x86
		{6AFCF571-679B-426D-A80F-DF16DA7922A4}.Release|iPhone.Build.0 = Release|x86
		{6AFCF571-679B-426D-A80F-DF16DA7922A4}.Release|iPhone.Deploy.0 = Release|x86
		{6AFCF571-679B-426D-A80F-DF16DA7922A4}.Release|iPhoneSimulator.ActiveCfg = Release|x86
		{6AFCF571-679B-426D-A80F-DF16DA7922A4}.Release|iPhoneSimulator.Build.0 = Release|x86
		{6AFCF571-679B-426D-A80F-DF16DA7922A4}.Release|iPhoneSimulator.Deploy.0 = Release|x86
		{6AFCF571-679B-426D-A80F-DF16DA7922A4}.Release|x64.ActiveCfg = Release|x64
		{6AFCF571-679B-426D-A80F-DF16DA7922A4}.Release|x64.Build.0 = Release|x64
		{6AFCF571-679B-426D-A80F-DF16DA7922A4}.Release|x64.Deploy.0 = Release|x64
		{6AFCF571-679B-426D-A80F-DF16DA7922A4}.Release|x86.ActiveCfg = Release|x86
		{6AFCF571-679B-426D-A80F-DF16DA7922A4}.Release|x86.Build.0 = Release|x86
		{6AFCF571-679B-426D-A80F-DF16DA7922A4}.Release|x86.Deploy.0 = Release|x86
		{EE0D4B3B-F7B4-4C67-B05B-E39F767C089B}.Debug|Any CPU.ActiveCfg = Debug|Any CPU
		{EE0D4B3B-F7B4-4C67-B05B-E39F767C089B}.Debug|Any CPU.Build.0 = Debug|Any CPU
		{EE0D4B3B-F7B4-4C67-B05B-E39F767C089B}.Debug|Any CPU.Deploy.0 = Debug|Any CPU
		{EE0D4B3B-F7B4-4C67-B05B-E39F767C089B}.Debug|ARM.ActiveCfg = Debug|Any CPU
		{EE0D4B3B-F7B4-4C67-B05B-E39F767C089B}.Debug|ARM.Build.0 = Debug|Any CPU
		{EE0D4B3B-F7B4-4C67-B05B-E39F767C089B}.Debug|ARM.Deploy.0 = Debug|Any CPU
		{EE0D4B3B-F7B4-4C67-B05B-E39F767C089B}.Debug|iPhone.ActiveCfg = Debug|Any CPU
		{EE0D4B3B-F7B4-4C67-B05B-E39F767C089B}.Debug|iPhone.Build.0 = Debug|Any CPU
		{EE0D4B3B-F7B4-4C67-B05B-E39F767C089B}.Debug|iPhone.Deploy.0 = Debug|Any CPU
		{EE0D4B3B-F7B4-4C67-B05B-E39F767C089B}.Debug|iPhoneSimulator.ActiveCfg = Debug|Any CPU
		{EE0D4B3B-F7B4-4C67-B05B-E39F767C089B}.Debug|iPhoneSimulator.Build.0 = Debug|Any CPU
		{EE0D4B3B-F7B4-4C67-B05B-E39F767C089B}.Debug|iPhoneSimulator.Deploy.0 = Debug|Any CPU
		{EE0D4B3B-F7B4-4C67-B05B-E39F767C089B}.Debug|x64.ActiveCfg = Debug|Any CPU
		{EE0D4B3B-F7B4-4C67-B05B-E39F767C089B}.Debug|x64.Build.0 = Debug|Any CPU
		{EE0D4B3B-F7B4-4C67-B05B-E39F767C089B}.Debug|x64.Deploy.0 = Debug|Any CPU
		{EE0D4B3B-F7B4-4C67-B05B-E39F767C089B}.Debug|x86.ActiveCfg = Debug|Any CPU
		{EE0D4B3B-F7B4-4C67-B05B-E39F767C089B}.Debug|x86.Build.0 = Debug|Any CPU
		{EE0D4B3B-F7B4-4C67-B05B-E39F767C089B}.Debug|x86.Deploy.0 = Debug|Any CPU
		{EE0D4B3B-F7B4-4C67-B05B-E39F767C089B}.Release|Any CPU.ActiveCfg = Release|Any CPU
		{EE0D4B3B-F7B4-4C67-B05B-E39F767C089B}.Release|Any CPU.Build.0 = Release|Any CPU
		{EE0D4B3B-F7B4-4C67-B05B-E39F767C089B}.Release|Any CPU.Deploy.0 = Release|Any CPU
		{EE0D4B3B-F7B4-4C67-B05B-E39F767C089B}.Release|ARM.ActiveCfg = Release|Any CPU
		{EE0D4B3B-F7B4-4C67-B05B-E39F767C089B}.Release|ARM.Build.0 = Release|Any CPU
		{EE0D4B3B-F7B4-4C67-B05B-E39F767C089B}.Release|ARM.Deploy.0 = Release|Any CPU
		{EE0D4B3B-F7B4-4C67-B05B-E39F767C089B}.Release|iPhone.ActiveCfg = Release|Any CPU
		{EE0D4B3B-F7B4-4C67-B05B-E39F767C089B}.Release|iPhone.Build.0 = Release|Any CPU
		{EE0D4B3B-F7B4-4C67-B05B-E39F767C089B}.Release|iPhone.Deploy.0 = Release|Any CPU
		{EE0D4B3B-F7B4-4C67-B05B-E39F767C089B}.Release|iPhoneSimulator.ActiveCfg = Release|Any CPU
		{EE0D4B3B-F7B4-4C67-B05B-E39F767C089B}.Release|iPhoneSimulator.Build.0 = Release|Any CPU
		{EE0D4B3B-F7B4-4C67-B05B-E39F767C089B}.Release|iPhoneSimulator.Deploy.0 = Release|Any CPU
		{EE0D4B3B-F7B4-4C67-B05B-E39F767C089B}.Release|x64.ActiveCfg = Release|Any CPU
		{EE0D4B3B-F7B4-4C67-B05B-E39F767C089B}.Release|x64.Build.0 = Release|Any CPU
		{EE0D4B3B-F7B4-4C67-B05B-E39F767C089B}.Release|x64.Deploy.0 = Release|Any CPU
		{EE0D4B3B-F7B4-4C67-B05B-E39F767C089B}.Release|x86.ActiveCfg = Release|Any CPU
		{EE0D4B3B-F7B4-4C67-B05B-E39F767C089B}.Release|x86.Build.0 = Release|Any CPU
		{EE0D4B3B-F7B4-4C67-B05B-E39F767C089B}.Release|x86.Deploy.0 = Release|Any CPU
		{B57E18FA-0A7B-48D8-94D5-3EC73BCB945F}.Debug|Any CPU.ActiveCfg = Debug|iPhone
		{B57E18FA-0A7B-48D8-94D5-3EC73BCB945F}.Debug|Any CPU.Build.0 = Debug|iPhone
		{B57E18FA-0A7B-48D8-94D5-3EC73BCB945F}.Debug|Any CPU.Deploy.0 = Debug|iPhone
		{B57E18FA-0A7B-48D8-94D5-3EC73BCB945F}.Debug|ARM.ActiveCfg = Debug|iPhoneSimulator
		{B57E18FA-0A7B-48D8-94D5-3EC73BCB945F}.Debug|ARM.Build.0 = Debug|iPhoneSimulator
		{B57E18FA-0A7B-48D8-94D5-3EC73BCB945F}.Debug|ARM.Deploy.0 = Debug|iPhoneSimulator
		{B57E18FA-0A7B-48D8-94D5-3EC73BCB945F}.Debug|iPhone.ActiveCfg = Debug|iPhone
		{B57E18FA-0A7B-48D8-94D5-3EC73BCB945F}.Debug|iPhone.Build.0 = Debug|iPhone
		{B57E18FA-0A7B-48D8-94D5-3EC73BCB945F}.Debug|iPhone.Deploy.0 = Debug|iPhone
		{B57E18FA-0A7B-48D8-94D5-3EC73BCB945F}.Debug|iPhoneSimulator.ActiveCfg = Debug|iPhoneSimulator
		{B57E18FA-0A7B-48D8-94D5-3EC73BCB945F}.Debug|iPhoneSimulator.Build.0 = Debug|iPhoneSimulator
		{B57E18FA-0A7B-48D8-94D5-3EC73BCB945F}.Debug|iPhoneSimulator.Deploy.0 = Debug|iPhoneSimulator
		{B57E18FA-0A7B-48D8-94D5-3EC73BCB945F}.Debug|x64.ActiveCfg = Debug|iPhone
		{B57E18FA-0A7B-48D8-94D5-3EC73BCB945F}.Debug|x64.Build.0 = Debug|iPhone
		{B57E18FA-0A7B-48D8-94D5-3EC73BCB945F}.Debug|x64.Deploy.0 = Debug|iPhone
		{B57E18FA-0A7B-48D8-94D5-3EC73BCB945F}.Debug|x86.ActiveCfg = Debug|iPhone
		{B57E18FA-0A7B-48D8-94D5-3EC73BCB945F}.Debug|x86.Build.0 = Debug|iPhone
		{B57E18FA-0A7B-48D8-94D5-3EC73BCB945F}.Debug|x86.Deploy.0 = Debug|iPhone
		{B57E18FA-0A7B-48D8-94D5-3EC73BCB945F}.Release|Any CPU.ActiveCfg = Release|iPhone
		{B57E18FA-0A7B-48D8-94D5-3EC73BCB945F}.Release|Any CPU.Build.0 = Release|iPhone
		{B57E18FA-0A7B-48D8-94D5-3EC73BCB945F}.Release|Any CPU.Deploy.0 = Release|iPhone
		{B57E18FA-0A7B-48D8-94D5-3EC73BCB945F}.Release|ARM.ActiveCfg = Release|iPhone
		{B57E18FA-0A7B-48D8-94D5-3EC73BCB945F}.Release|ARM.Build.0 = Release|iPhone
		{B57E18FA-0A7B-48D8-94D5-3EC73BCB945F}.Release|ARM.Deploy.0 = Release|iPhone
		{B57E18FA-0A7B-48D8-94D5-3EC73BCB945F}.Release|iPhone.ActiveCfg = Release|iPhone
		{B57E18FA-0A7B-48D8-94D5-3EC73BCB945F}.Release|iPhone.Build.0 = Release|iPhone
		{B57E18FA-0A7B-48D8-94D5-3EC73BCB945F}.Release|iPhone.Deploy.0 = Release|iPhone
		{B57E18FA-0A7B-48D8-94D5-3EC73BCB945F}.Release|iPhoneSimulator.ActiveCfg = Release|iPhoneSimulator
		{B57E18FA-0A7B-48D8-94D5-3EC73BCB945F}.Release|iPhoneSimulator.Build.0 = Release|iPhoneSimulator
		{B57E18FA-0A7B-48D8-94D5-3EC73BCB945F}.Release|iPhoneSimulator.Deploy.0 = Release|iPhoneSimulator
		{B57E18FA-0A7B-48D8-94D5-3EC73BCB945F}.Release|x64.ActiveCfg = Release|iPhone
		{B57E18FA-0A7B-48D8-94D5-3EC73BCB945F}.Release|x64.Build.0 = Release|iPhone
		{B57E18FA-0A7B-48D8-94D5-3EC73BCB945F}.Release|x64.Deploy.0 = Release|iPhone
		{B57E18FA-0A7B-48D8-94D5-3EC73BCB945F}.Release|x86.ActiveCfg = Release|iPhone
		{B57E18FA-0A7B-48D8-94D5-3EC73BCB945F}.Release|x86.Build.0 = Release|iPhone
		{B57E18FA-0A7B-48D8-94D5-3EC73BCB945F}.Release|x86.Deploy.0 = Release|iPhone
		{EC9A15BB-1965-495B-A830-49F704756ABC}.Debug|Any CPU.ActiveCfg = Debug|Any CPU
		{EC9A15BB-1965-495B-A830-49F704756ABC}.Debug|Any CPU.Build.0 = Debug|Any CPU
		{EC9A15BB-1965-495B-A830-49F704756ABC}.Debug|Any CPU.Deploy.0 = Debug|Any CPU
		{EC9A15BB-1965-495B-A830-49F704756ABC}.Debug|ARM.ActiveCfg = Debug|Any CPU
		{EC9A15BB-1965-495B-A830-49F704756ABC}.Debug|ARM.Build.0 = Debug|Any CPU
		{EC9A15BB-1965-495B-A830-49F704756ABC}.Debug|ARM.Deploy.0 = Debug|Any CPU
		{EC9A15BB-1965-495B-A830-49F704756ABC}.Debug|iPhone.ActiveCfg = Debug|Any CPU
		{EC9A15BB-1965-495B-A830-49F704756ABC}.Debug|iPhone.Build.0 = Debug|Any CPU
		{EC9A15BB-1965-495B-A830-49F704756ABC}.Debug|iPhone.Deploy.0 = Debug|Any CPU
		{EC9A15BB-1965-495B-A830-49F704756ABC}.Debug|iPhoneSimulator.ActiveCfg = Debug|Any CPU
		{EC9A15BB-1965-495B-A830-49F704756ABC}.Debug|iPhoneSimulator.Build.0 = Debug|Any CPU
		{EC9A15BB-1965-495B-A830-49F704756ABC}.Debug|iPhoneSimulator.Deploy.0 = Debug|Any CPU
		{EC9A15BB-1965-495B-A830-49F704756ABC}.Debug|x64.ActiveCfg = Debug|Any CPU
		{EC9A15BB-1965-495B-A830-49F704756ABC}.Debug|x64.Build.0 = Debug|Any CPU
		{EC9A15BB-1965-495B-A830-49F704756ABC}.Debug|x64.Deploy.0 = Debug|Any CPU
		{EC9A15BB-1965-495B-A830-49F704756ABC}.Debug|x86.ActiveCfg = Debug|Any CPU
		{EC9A15BB-1965-495B-A830-49F704756ABC}.Debug|x86.Build.0 = Debug|Any CPU
		{EC9A15BB-1965-495B-A830-49F704756ABC}.Debug|x86.Deploy.0 = Debug|Any CPU
		{EC9A15BB-1965-495B-A830-49F704756ABC}.Release|Any CPU.ActiveCfg = Release|Any CPU
		{EC9A15BB-1965-495B-A830-49F704756ABC}.Release|Any CPU.Build.0 = Release|Any CPU
		{EC9A15BB-1965-495B-A830-49F704756ABC}.Release|Any CPU.Deploy.0 = Release|Any CPU
		{EC9A15BB-1965-495B-A830-49F704756ABC}.Release|ARM.ActiveCfg = Release|Any CPU
		{EC9A15BB-1965-495B-A830-49F704756ABC}.Release|ARM.Build.0 = Release|Any CPU
		{EC9A15BB-1965-495B-A830-49F704756ABC}.Release|ARM.Deploy.0 = Release|Any CPU
		{EC9A15BB-1965-495B-A830-49F704756ABC}.Release|iPhone.ActiveCfg = Release|Any CPU
		{EC9A15BB-1965-495B-A830-49F704756ABC}.Release|iPhone.Build.0 = Release|Any CPU
		{EC9A15BB-1965-495B-A830-49F704756ABC}.Release|iPhone.Deploy.0 = Release|Any CPU
		{EC9A15BB-1965-495B-A830-49F704756ABC}.Release|iPhoneSimulator.ActiveCfg = Release|Any CPU
		{EC9A15BB-1965-495B-A830-49F704756ABC}.Release|iPhoneSimulator.Build.0 = Release|Any CPU
		{EC9A15BB-1965-495B-A830-49F704756ABC}.Release|iPhoneSimulator.Deploy.0 = Release|Any CPU
		{EC9A15BB-1965-495B-A830-49F704756ABC}.Release|x64.ActiveCfg = Release|Any CPU
		{EC9A15BB-1965-495B-A830-49F704756ABC}.Release|x64.Build.0 = Release|Any CPU
		{EC9A15BB-1965-495B-A830-49F704756ABC}.Release|x64.Deploy.0 = Release|Any CPU
		{EC9A15BB-1965-495B-A830-49F704756ABC}.Release|x86.ActiveCfg = Release|Any CPU
		{EC9A15BB-1965-495B-A830-49F704756ABC}.Release|x86.Build.0 = Release|Any CPU
		{EC9A15BB-1965-495B-A830-49F704756ABC}.Release|x86.Deploy.0 = Release|Any CPU
	EndGlobalSection
	GlobalSection(SolutionProperties) = preSolution
		HideSolutionNode = FALSE
	EndGlobalSection
	GlobalSection(ExtensibilityGlobals) = postSolution
		SolutionGuid = {F560F4D2-E7BB-4442-9E7B-19AC930B9B38}
	EndGlobalSection
EndGlobal
