
Microsoft Visual Studio Solution File, Format Version 12.00
# Visual Studio Version 16
VisualStudioVersion = 16.0.29215.179
MinimumVisualStudioVersion = 10.0.40219.1
Project("{FAE04EC0-301F-11D3-BF4B-00C04F79EFBC}") = "XamarinElementsApp.UWP", "XamarinElementsApp\XamarinElementsApp.UWP\XamarinElementsApp.UWP.csproj", "{6C7E7019-A0A1-4D06-92A0-48F7CC887C28}"
EndProject
Project("{FAE04EC0-301F-11D3-BF4B-00C04F79EFBC}") = "XamarinElementsApp.Android", "XamarinElementsApp\XamarinElementsApp.Android\XamarinElementsApp.Android.csproj", "{D7CE5007-4F07-47A7-8710-3CEFCCF7846A}"
EndProject
Project("{FAE04EC0-301F-11D3-BF4B-00C04F79EFBC}") = "XamarinElementsApp.iOS", "XamarinElementsApp\XamarinElementsApp.iOS\XamarinElementsApp.iOS.csproj", "{7E7D767B-CCF3-4428-B0E1-122FC43A75BC}"
EndProject
Project("{FAE04EC0-301F-11D3-BF4B-00C04F79EFBC}") = "XamarinElementsApp", "XamarinElementsApp\XamarinElementsApp\XamarinElementsApp.csproj", "{AA131486-F316-4E6F-8859-7DC45D510E71}"
EndProject
Global
	GlobalSection(SolutionConfigurationPlatforms) = preSolution
		Debug|Any CPU = Debug|Any CPU
		Debug|ARM = Debug|ARM
		Debug|iPhone = Debug|iPhone
		Debug|iPhoneSimulator = Debug|iPhoneSimulator
		Debug|x64 = Debug|x64
		Debug|x86 = Debug|x86
		Release|Any CPU = Release|Any CPU
		Release|ARM = Release|ARM
		Release|iPhone = Release|iPhone
		Release|iPhoneSimulator = Release|iPhoneSimulator
		Release|x64 = Release|x64
		Release|x86 = Release|x86
	EndGlobalSection
	GlobalSection(ProjectConfigurationPlatforms) = postSolution
		{6C7E7019-A0A1-4D06-92A0-48F7CC887C28}.Debug|Any CPU.ActiveCfg = Debug|x86
		{6C7E7019-A0A1-4D06-92A0-48F7CC887C28}.Debug|Any CPU.Build.0 = Debug|x86
		{6C7E7019-A0A1-4D06-92A0-48F7CC887C28}.Debug|Any CPU.Deploy.0 = Debug|x86
		{6C7E7019-A0A1-4D06-92A0-48F7CC887C28}.Debug|ARM.ActiveCfg = Debug|ARM
		{6C7E7019-A0A1-4D06-92A0-48F7CC887C28}.Debug|ARM.Build.0 = Debug|ARM
		{6C7E7019-A0A1-4D06-92A0-48F7CC887C28}.Debug|ARM.Deploy.0 = Debug|ARM
		{6C7E7019-A0A1-4D06-92A0-48F7CC887C28}.Debug|iPhone.ActiveCfg = Debug|x86
		{6C7E7019-A0A1-4D06-92A0-48F7CC887C28}.Debug|iPhone.Build.0 = Debug|x86
		{6C7E7019-A0A1-4D06-92A0-48F7CC887C28}.Debug|iPhone.Deploy.0 = Debug|x86
		{6C7E7019-A0A1-4D06-92A0-48F7CC887C28}.Debug|iPhoneSimulator.ActiveCfg = Debug|x86
		{6C7E7019-A0A1-4D06-92A0-48F7CC887C28}.Debug|iPhoneSimulator.Build.0 = Debug|x86
		{6C7E7019-A0A1-4D06-92A0-48F7CC887C28}.Debug|iPhoneSimulator.Deploy.0 = Debug|x86
		{6C7E7019-A0A1-4D06-92A0-48F7CC887C28}.Debug|x64.ActiveCfg = Debug|x64
		{6C7E7019-A0A1-4D06-92A0-48F7CC887C28}.Debug|x64.Build.0 = Debug|x64
		{6C7E7019-A0A1-4D06-92A0-48F7CC887C28}.Debug|x64.Deploy.0 = Debug|x64
		{6C7E7019-A0A1-4D06-92A0-48F7CC887C28}.Debug|x86.ActiveCfg = Debug|x86
		{6C7E7019-A0A1-4D06-92A0-48F7CC887C28}.Debug|x86.Build.0 = Debug|x86
		{6C7E7019-A0A1-4D06-92A0-48F7CC887C28}.Debug|x86.Deploy.0 = Debug|x86
		{6C7E7019-A0A1-4D06-92A0-48F7CC887C28}.Release|Any CPU.ActiveCfg = Release|x86
		{6C7E7019-A0A1-4D06-92A0-48F7CC887C28}.Release|Any CPU.Build.0 = Release|x86
		{6C7E7019-A0A1-4D06-92A0-48F7CC887C28}.Release|Any CPU.Deploy.0 = Release|x86
		{6C7E7019-A0A1-4D06-92A0-48F7CC887C28}.Release|ARM.ActiveCfg = Release|ARM
		{6C7E7019-A0A1-4D06-92A0-48F7CC887C28}.Release|ARM.Build.0 = Release|ARM
		{6C7E7019-A0A1-4D06-92A0-48F7CC887C28}.Release|ARM.Deploy.0 = Release|ARM
		{6C7E7019-A0A1-4D06-92A0-48F7CC887C28}.Release|iPhone.ActiveCfg = Release|x86
		{6C7E7019-A0A1-4D06-92A0-48F7CC887C28}.Release|iPhone.Build.0 = Release|x86
		{6C7E7019-A0A1-4D06-92A0-48F7CC887C28}.Release|iPhone.Deploy.0 = Release|x86
		{6C7E7019-A0A1-4D06-92A0-48F7CC887C28}.Release|iPhoneSimulator.ActiveCfg = Release|x86
		{6C7E7019-A0A1-4D06-92A0-48F7CC887C28}.Release|iPhoneSimulator.Build.0 = Release|x86
		{6C7E7019-A0A1-4D06-92A0-48F7CC887C28}.Release|iPhoneSimulator.Deploy.0 = Release|x86
		{6C7E7019-A0A1-4D06-92A0-48F7CC887C28}.Release|x64.ActiveCfg = Release|x64
		{6C7E7019-A0A1-4D06-92A0-48F7CC887C28}.Release|x64.Build.0 = Release|x64
		{6C7E7019-A0A1-4D06-92A0-48F7CC887C28}.Release|x64.Deploy.0 = Release|x64
		{6C7E7019-A0A1-4D06-92A0-48F7CC887C28}.Release|x86.ActiveCfg = Release|x86
		{6C7E7019-A0A1-4D06-92A0-48F7CC887C28}.Release|x86.Build.0 = Release|x86
		{6C7E7019-A0A1-4D06-92A0-48F7CC887C28}.Release|x86.Deploy.0 = Release|x86
		{D7CE5007-4F07-47A7-8710-3CEFCCF7846A}.Debug|Any CPU.ActiveCfg = Debug|Any CPU
		{D7CE5007-4F07-47A7-8710-3CEFCCF7846A}.Debug|Any CPU.Build.0 = Debug|Any CPU
		{D7CE5007-4F07-47A7-8710-3CEFCCF7846A}.Debug|Any CPU.Deploy.0 = Debug|Any CPU
		{D7CE5007-4F07-47A7-8710-3CEFCCF7846A}.Debug|ARM.ActiveCfg = Debug|Any CPU
		{D7CE5007-4F07-47A7-8710-3CEFCCF7846A}.Debug|ARM.Build.0 = Debug|Any CPU
		{D7CE5007-4F07-47A7-8710-3CEFCCF7846A}.Debug|ARM.Deploy.0 = Debug|Any CPU
		{D7CE5007-4F07-47A7-8710-3CEFCCF7846A}.Debug|iPhone.ActiveCfg = Debug|Any CPU
		{D7CE5007-4F07-47A7-8710-3CEFCCF7846A}.Debug|iPhone.Build.0 = Debug|Any CPU
		{D7CE5007-4F07-47A7-8710-3CEFCCF7846A}.Debug|iPhone.Deploy.0 = Debug|Any CPU
		{D7CE5007-4F07-47A7-8710-3CEFCCF7846A}.Debug|iPhoneSimulator.ActiveCfg = Debug|Any CPU
		{D7CE5007-4F07-47A7-8710-3CEFCCF7846A}.Debug|iPhoneSimulator.Build.0 = Debug|Any CPU
		{D7CE5007-4F07-47A7-8710-3CEFCCF7846A}.Debug|iPhoneSimulator.Deploy.0 = Debug|Any CPU
		{D7CE5007-4F07-47A7-8710-3CEFCCF7846A}.Debug|x64.ActiveCfg = Debug|Any CPU
		{D7CE5007-4F07-47A7-8710-3CEFCCF7846A}.Debug|x64.Build.0 = Debug|Any CPU
		{D7CE5007-4F07-47A7-8710-3CEFCCF7846A}.Debug|x64.Deploy.0 = Debug|Any CPU
		{D7CE5007-4F07-47A7-8710-3CEFCCF7846A}.Debug|x86.ActiveCfg = Debug|Any CPU
		{D7CE5007-4F07-47A7-8710-3CEFCCF7846A}.Debug|x86.Build.0 = Debug|Any CPU
		{D7CE5007-4F07-47A7-8710-3CEFCCF7846A}.Debug|x86.Deploy.0 = Debug|Any CPU
		{D7CE5007-4F07-47A7-8710-3CEFCCF7846A}.Release|Any CPU.ActiveCfg = Release|Any CPU
		{D7CE5007-4F07-47A7-8710-3CEFCCF7846A}.Release|Any CPU.Build.0 = Release|Any CPU
		{D7CE5007-4F07-47A7-8710-3CEFCCF7846A}.Release|Any CPU.Deploy.0 = Release|Any CPU
		{D7CE5007-4F07-47A7-8710-3CEFCCF7846A}.Release|ARM.ActiveCfg = Release|Any CPU
		{D7CE5007-4F07-47A7-8710-3CEFCCF7846A}.Release|ARM.Build.0 = Release|Any CPU
		{D7CE5007-4F07-47A7-8710-3CEFCCF7846A}.Release|ARM.Deploy.0 = Release|Any CPU
		{D7CE5007-4F07-47A7-8710-3CEFCCF7846A}.Release|iPhone.ActiveCfg = Release|Any CPU
		{D7CE5007-4F07-47A7-8710-3CEFCCF7846A}.Release|iPhone.Build.0 = Release|Any CPU
		{D7CE5007-4F07-47A7-8710-3CEFCCF7846A}.Release|iPhone.Deploy.0 = Release|Any CPU
		{D7CE5007-4F07-47A7-8710-3CEFCCF7846A}.Release|iPhoneSimulator.ActiveCfg = Release|Any CPU
		{D7CE5007-4F07-47A7-8710-3CEFCCF7846A}.Release|iPhoneSimulator.Build.0 = Release|Any CPU
		{D7CE5007-4F07-47A7-8710-3CEFCCF7846A}.Release|iPhoneSimulator.Deploy.0 = Release|Any CPU
		{D7CE5007-4F07-47A7-8710-3CEFCCF7846A}.Release|x64.ActiveCfg = Release|Any CPU
		{D7CE5007-4F07-47A7-8710-3CEFCCF7846A}.Release|x64.Build.0 = Release|Any CPU
		{D7CE5007-4F07-47A7-8710-3CEFCCF7846A}.Release|x64.Deploy.0 = Release|Any CPU
		{D7CE5007-4F07-47A7-8710-3CEFCCF7846A}.Release|x86.ActiveCfg = Release|Any CPU
		{D7CE5007-4F07-47A7-8710-3CEFCCF7846A}.Release|x86.Build.0 = Release|Any CPU
		{D7CE5007-4F07-47A7-8710-3CEFCCF7846A}.Release|x86.Deploy.0 = Release|Any CPU
		{7E7D767B-CCF3-4428-B0E1-122FC43A75BC}.Debug|Any CPU.ActiveCfg = Debug|iPhone
		{7E7D767B-CCF3-4428-B0E1-122FC43A75BC}.Debug|Any CPU.Build.0 = Debug|iPhone
		{7E7D767B-CCF3-4428-B0E1-122FC43A75BC}.Debug|Any CPU.Deploy.0 = Debug|iPhone
		{7E7D767B-CCF3-4428-B0E1-122FC43A75BC}.Debug|ARM.ActiveCfg = Debug|iPhoneSimulator
		{7E7D767B-CCF3-4428-B0E1-122FC43A75BC}.Debug|ARM.Build.0 = Debug|iPhoneSimulator
		{7E7D767B-CCF3-4428-B0E1-122FC43A75BC}.Debug|ARM.Deploy.0 = Debug|iPhoneSimulator
		{7E7D767B-CCF3-4428-B0E1-122FC43A75BC}.Debug|iPhone.ActiveCfg = Debug|iPhone
		{7E7D767B-CCF3-4428-B0E1-122FC43A75BC}.Debug|iPhone.Build.0 = Debug|iPhone
		{7E7D767B-CCF3-4428-B0E1-122FC43A75BC}.Debug|iPhone.Deploy.0 = Debug|iPhone
		{7E7D767B-CCF3-4428-B0E1-122FC43A75BC}.Debug|iPhoneSimulator.ActiveCfg = Debug|iPhoneSimulator
		{7E7D767B-CCF3-4428-B0E1-122FC43A75BC}.Debug|iPhoneSimulator.Build.0 = Debug|iPhoneSimulator
		{7E7D767B-CCF3-4428-B0E1-122FC43A75BC}.Debug|iPhoneSimulator.Deploy.0 = Debug|iPhoneSimulator
		{7E7D767B-CCF3-4428-B0E1-122FC43A75BC}.Debug|x64.ActiveCfg = Debug|iPhone
		{7E7D767B-CCF3-4428-B0E1-122FC43A75BC}.Debug|x64.Build.0 = Debug|iPhone
		{7E7D767B-CCF3-4428-B0E1-122FC43A75BC}.Debug|x64.Deploy.0 = Debug|iPhone
		{7E7D767B-CCF3-4428-B0E1-122FC43A75BC}.Debug|x86.ActiveCfg = Debug|iPhone
		{7E7D767B-CCF3-4428-B0E1-122FC43A75BC}.Debug|x86.Build.0 = Debug|iPhone
		{7E7D767B-CCF3-4428-B0E1-122FC43A75BC}.Debug|x86.Deploy.0 = Debug|iPhone
		{7E7D767B-CCF3-4428-B0E1-122FC43A75BC}.Release|Any CPU.ActiveCfg = Release|iPhone
		{7E7D767B-CCF3-4428-B0E1-122FC43A75BC}.Release|Any CPU.Build.0 = Release|iPhone
		{7E7D767B-CCF3-4428-B0E1-122FC43A75BC}.Release|Any CPU.Deploy.0 = Release|iPhone
		{7E7D767B-CCF3-4428-B0E1-122FC43A75BC}.Release|ARM.ActiveCfg = Release|iPhone
		{7E7D767B-CCF3-4428-B0E1-122FC43A75BC}.Release|ARM.Build.0 = Release|iPhone
		{7E7D767B-CCF3-4428-B0E1-122FC43A75BC}.Release|ARM.Deploy.0 = Release|iPhone
		{7E7D767B-CCF3-4428-B0E1-122FC43A75BC}.Release|iPhone.ActiveCfg = Release|iPhone
		{7E7D767B-CCF3-4428-B0E1-122FC43A75BC}.Release|iPhone.Build.0 = Release|iPhone
		{7E7D767B-CCF3-4428-B0E1-122FC43A75BC}.Release|iPhone.Deploy.0 = Release|iPhone
		{7E7D767B-CCF3-4428-B0E1-122FC43A75BC}.Release|iPhoneSimulator.ActiveCfg = Release|iPhoneSimulator
		{7E7D767B-CCF3-4428-B0E1-122FC43A75BC}.Release|iPhoneSimulator.Build.0 = Release|iPhoneSimulator
		{7E7D767B-CCF3-4428-B0E1-122FC43A75BC}.Release|iPhoneSimulator.Deploy.0 = Release|iPhoneSimulator
		{7E7D767B-CCF3-4428-B0E1-122FC43A75BC}.Release|x64.ActiveCfg = Release|iPhone
		{7E7D767B-CCF3-4428-B0E1-122FC43A75BC}.Release|x64.Build.0 = Release|iPhone
		{7E7D767B-CCF3-4428-B0E1-122FC43A75BC}.Release|x64.Deploy.0 = Release|iPhone
		{7E7D767B-CCF3-4428-B0E1-122FC43A75BC}.Release|x86.ActiveCfg = Release|iPhone
		{7E7D767B-CCF3-4428-B0E1-122FC43A75BC}.Release|x86.Build.0 = Release|iPhone
		{7E7D767B-CCF3-4428-B0E1-122FC43A75BC}.Release|x86.Deploy.0 = Release|iPhone
		{AA131486-F316-4E6F-8859-7DC45D510E71}.Debug|Any CPU.ActiveCfg = Debug|Any CPU
		{AA131486-F316-4E6F-8859-7DC45D510E71}.Debug|Any CPU.Build.0 = Debug|Any CPU
		{AA131486-F316-4E6F-8859-7DC45D510E71}.Debug|Any CPU.Deploy.0 = Debug|Any CPU
		{AA131486-F316-4E6F-8859-7DC45D510E71}.Debug|ARM.ActiveCfg = Debug|Any CPU
		{AA131486-F316-4E6F-8859-7DC45D510E71}.Debug|ARM.Build.0 = Debug|Any CPU
		{AA131486-F316-4E6F-8859-7DC45D510E71}.Debug|ARM.Deploy.0 = Debug|Any CPU
		{AA131486-F316-4E6F-8859-7DC45D510E71}.Debug|iPhone.ActiveCfg = Debug|Any CPU
		{AA131486-F316-4E6F-8859-7DC45D510E71}.Debug|iPhone.Build.0 = Debug|Any CPU
		{AA131486-F316-4E6F-8859-7DC45D510E71}.Debug|iPhone.Deploy.0 = Debug|Any CPU
		{AA131486-F316-4E6F-8859-7DC45D510E71}.Debug|iPhoneSimulator.ActiveCfg = Debug|Any CPU
		{AA131486-F316-4E6F-8859-7DC45D510E71}.Debug|iPhoneSimulator.Build.0 = Debug|Any CPU
		{AA131486-F316-4E6F-8859-7DC45D510E71}.Debug|iPhoneSimulator.Deploy.0 = Debug|Any CPU
		{AA131486-F316-4E6F-8859-7DC45D510E71}.Debug|x64.ActiveCfg = Debug|Any CPU
		{AA131486-F316-4E6F-8859-7DC45D510E71}.Debug|x64.Build.0 = Debug|Any CPU
		{AA131486-F316-4E6F-8859-7DC45D510E71}.Debug|x64.Deploy.0 = Debug|Any CPU
		{AA131486-F316-4E6F-8859-7DC45D510E71}.Debug|x86.ActiveCfg = Debug|Any CPU
		{AA131486-F316-4E6F-8859-7DC45D510E71}.Debug|x86.Build.0 = Debug|Any CPU
		{AA131486-F316-4E6F-8859-7DC45D510E71}.Debug|x86.Deploy.0 = Debug|Any CPU
		{AA131486-F316-4E6F-8859-7DC45D510E71}.Release|Any CPU.ActiveCfg = Release|Any CPU
		{AA131486-F316-4E6F-8859-7DC45D510E71}.Release|Any CPU.Build.0 = Release|Any CPU
		{AA131486-F316-4E6F-8859-7DC45D510E71}.Release|Any CPU.Deploy.0 = Release|Any CPU
		{AA131486-F316-4E6F-8859-7DC45D510E71}.Release|ARM.ActiveCfg = Release|Any CPU
		{AA131486-F316-4E6F-8859-7DC45D510E71}.Release|ARM.Build.0 = Release|Any CPU
		{AA131486-F316-4E6F-8859-7DC45D510E71}.Release|ARM.Deploy.0 = Release|Any CPU
		{AA131486-F316-4E6F-8859-7DC45D510E71}.Release|iPhone.ActiveCfg = Release|Any CPU
		{AA131486-F316-4E6F-8859-7DC45D510E71}.Release|iPhone.Build.0 = Release|Any CPU
		{AA131486-F316-4E6F-8859-7DC45D510E71}.Release|iPhone.Deploy.0 = Release|Any CPU
		{AA131486-F316-4E6F-8859-7DC45D510E71}.Release|iPhoneSimulator.ActiveCfg = Release|Any CPU
		{AA131486-F316-4E6F-8859-7DC45D510E71}.Release|iPhoneSimulator.Build.0 = Release|Any CPU
		{AA131486-F316-4E6F-8859-7DC45D510E71}.Release|iPhoneSimulator.Deploy.0 = Release|Any CPU
		{AA131486-F316-4E6F-8859-7DC45D510E71}.Release|x64.ActiveCfg = Release|Any CPU
		{AA131486-F316-4E6F-8859-7DC45D510E71}.Release|x64.Build.0 = Release|Any CPU
		{AA131486-F316-4E6F-8859-7DC45D510E71}.Release|x64.Deploy.0 = Release|Any CPU
		{AA131486-F316-4E6F-8859-7DC45D510E71}.Release|x86.ActiveCfg = Release|Any CPU
		{AA131486-F316-4E6F-8859-7DC45D510E71}.Release|x86.Build.0 = Release|Any CPU
		{AA131486-F316-4E6F-8859-7DC45D510E71}.Release|x86.Deploy.0 = Release|Any CPU
	EndGlobalSection
	GlobalSection(SolutionProperties) = preSolution
		HideSolutionNode = FALSE
	EndGlobalSection
	GlobalSection(ExtensibilityGlobals) = postSolution
		SolutionGuid = {95FFDAF2-1B71-4CD5-9777-94F885393519}
	EndGlobalSection
EndGlobal
