
Microsoft Visual Studio Solution File, Format Version 12.00
# Visual Studio Version 16
VisualStudioVersion = 16.0.29418.71
MinimumVisualStudioVersion = 10.0.40219.1
Project("{FAE04EC0-301F-11D3-BF4B-00C04F79EFBC}") = "XamarinDepServApp.UWP", "XamarinDepServApp\XamarinDepServApp.UWP\XamarinDepServApp.UWP.csproj", "{E4B1354A-83A3-48C6-8CCC-65E08C2D8F05}"
EndProject
Project("{FAE04EC0-301F-11D3-BF4B-00C04F79EFBC}") = "XamarinDepServApp.Android", "XamarinDepServApp\XamarinDepServApp.Android\XamarinDepServApp.Android.csproj", "{F97A37F0-D0DF-47A2-9E81-3E4C44151FA9}"
EndProject
Project("{FAE04EC0-301F-11D3-BF4B-00C04F79EFBC}") = "XamarinDepServApp.iOS", "XamarinDepServApp\XamarinDepServApp.iOS\XamarinDepServApp.iOS.csproj", "{25F356BA-B416-4A76-992C-8FE8E41CC249}"
EndProject
Project("{FAE04EC0-301F-11D3-BF4B-00C04F79EFBC}") = "XamarinDepServApp", "XamarinDepServApp\XamarinDepServApp\XamarinDepServApp.csproj", "{798C6BEE-ECBA-41AA-83C6-A15059E08DD4}"
EndProject
Global
	GlobalSection(SolutionConfigurationPlatforms) = preSolution
		Debug|Any CPU = Debug|Any CPU
		Debug|ARM = Debug|ARM
		Debug|iPhone = Debug|iPhone
		Debug|iPhoneSimulator = Debug|iPhoneSimulator
		Debug|x64 = Debug|x64
		Debug|x86 = Debug|x86
		Release|Any CPU = Release|Any CPU
		Release|ARM = Release|ARM
		Release|iPhone = Release|iPhone
		Release|iPhoneSimulator = Release|iPhoneSimulator
		Release|x64 = Release|x64
		Release|x86 = Release|x86
	EndGlobalSection
	GlobalSection(ProjectConfigurationPlatforms) = postSolution
		{E4B1354A-83A3-48C6-8CCC-65E08C2D8F05}.Debug|Any CPU.ActiveCfg = Debug|x86
		{E4B1354A-83A3-48C6-8CCC-65E08C2D8F05}.Debug|Any CPU.Build.0 = Debug|x86
		{E4B1354A-83A3-48C6-8CCC-65E08C2D8F05}.Debug|Any CPU.Deploy.0 = Debug|x86
		{E4B1354A-83A3-48C6-8CCC-65E08C2D8F05}.Debug|ARM.ActiveCfg = Debug|ARM
		{E4B1354A-83A3-48C6-8CCC-65E08C2D8F05}.Debug|ARM.Build.0 = Debug|ARM
		{E4B1354A-83A3-48C6-8CCC-65E08C2D8F05}.Debug|ARM.Deploy.0 = Debug|ARM
		{E4B1354A-83A3-48C6-8CCC-65E08C2D8F05}.Debug|iPhone.ActiveCfg = Debug|x86
		{E4B1354A-83A3-48C6-8CCC-65E08C2D8F05}.Debug|iPhone.Build.0 = Debug|x86
		{E4B1354A-83A3-48C6-8CCC-65E08C2D8F05}.Debug|iPhone.Deploy.0 = Debug|x86
		{E4B1354A-83A3-48C6-8CCC-65E08C2D8F05}.Debug|iPhoneSimulator.ActiveCfg = Debug|x86
		{E4B1354A-83A3-48C6-8CCC-65E08C2D8F05}.Debug|iPhoneSimulator.Build.0 = Debug|x86
		{E4B1354A-83A3-48C6-8CCC-65E08C2D8F05}.Debug|iPhoneSimulator.Deploy.0 = Debug|x86
		{E4B1354A-83A3-48C6-8CCC-65E08C2D8F05}.Debug|x64.ActiveCfg = Debug|x64
		{E4B1354A-83A3-48C6-8CCC-65E08C2D8F05}.Debug|x64.Build.0 = Debug|x64
		{E4B1354A-83A3-48C6-8CCC-65E08C2D8F05}.Debug|x64.Deploy.0 = Debug|x64
		{E4B1354A-83A3-48C6-8CCC-65E08C2D8F05}.Debug|x86.ActiveCfg = Debug|x86
		{E4B1354A-83A3-48C6-8CCC-65E08C2D8F05}.Debug|x86.Build.0 = Debug|x86
		{E4B1354A-83A3-48C6-8CCC-65E08C2D8F05}.Debug|x86.Deploy.0 = Debug|x86
		{E4B1354A-83A3-48C6-8CCC-65E08C2D8F05}.Release|Any CPU.ActiveCfg = Release|x86
		{E4B1354A-83A3-48C6-8CCC-65E08C2D8F05}.Release|Any CPU.Build.0 = Release|x86
		{E4B1354A-83A3-48C6-8CCC-65E08C2D8F05}.Release|Any CPU.Deploy.0 = Release|x86
		{E4B1354A-83A3-48C6-8CCC-65E08C2D8F05}.Release|ARM.ActiveCfg = Release|ARM
		{E4B1354A-83A3-48C6-8CCC-65E08C2D8F05}.Release|ARM.Build.0 = Release|ARM
		{E4B1354A-83A3-48C6-8CCC-65E08C2D8F05}.Release|ARM.Deploy.0 = Release|ARM
		{E4B1354A-83A3-48C6-8CCC-65E08C2D8F05}.Release|iPhone.ActiveCfg = Release|x86
		{E4B1354A-83A3-48C6-8CCC-65E08C2D8F05}.Release|iPhone.Build.0 = Release|x86
		{E4B1354A-83A3-48C6-8CCC-65E08C2D8F05}.Release|iPhone.Deploy.0 = Release|x86
		{E4B1354A-83A3-48C6-8CCC-65E08C2D8F05}.Release|iPhoneSimulator.ActiveCfg = Release|x86
		{E4B1354A-83A3-48C6-8CCC-65E08C2D8F05}.Release|iPhoneSimulator.Build.0 = Release|x86
		{E4B1354A-83A3-48C6-8CCC-65E08C2D8F05}.Release|iPhoneSimulator.Deploy.0 = Release|x86
		{E4B1354A-83A3-48C6-8CCC-65E08C2D8F05}.Release|x64.ActiveCfg = Release|x64
		{E4B1354A-83A3-48C6-8CCC-65E08C2D8F05}.Release|x64.Build.0 = Release|x64
		{E4B1354A-83A3-48C6-8CCC-65E08C2D8F05}.Release|x64.Deploy.0 = Release|x64
		{E4B1354A-83A3-48C6-8CCC-65E08C2D8F05}.Release|x86.ActiveCfg = Release|x86
		{E4B1354A-83A3-48C6-8CCC-65E08C2D8F05}.Release|x86.Build.0 = Release|x86
		{E4B1354A-83A3-48C6-8CCC-65E08C2D8F05}.Release|x86.Deploy.0 = Release|x86
		{F97A37F0-D0DF-47A2-9E81-3E4C44151FA9}.Debug|Any CPU.ActiveCfg = Debug|Any CPU
		{F97A37F0-D0DF-47A2-9E81-3E4C44151FA9}.Debug|Any CPU.Build.0 = Debug|Any CPU
		{F97A37F0-D0DF-47A2-9E81-3E4C44151FA9}.Debug|Any CPU.Deploy.0 = Debug|Any CPU
		{F97A37F0-D0DF-47A2-9E81-3E4C44151FA9}.Debug|ARM.ActiveCfg = Debug|Any CPU
		{F97A37F0-D0DF-47A2-9E81-3E4C44151FA9}.Debug|ARM.Build.0 = Debug|Any CPU
		{F97A37F0-D0DF-47A2-9E81-3E4C44151FA9}.Debug|ARM.Deploy.0 = Debug|Any CPU
		{F97A37F0-D0DF-47A2-9E81-3E4C44151FA9}.Debug|iPhone.ActiveCfg = Debug|Any CPU
		{F97A37F0-D0DF-47A2-9E81-3E4C44151FA9}.Debug|iPhone.Build.0 = Debug|Any CPU
		{F97A37F0-D0DF-47A2-9E81-3E4C44151FA9}.Debug|iPhone.Deploy.0 = Debug|Any CPU
		{F97A37F0-D0DF-47A2-9E81-3E4C44151FA9}.Debug|iPhoneSimulator.ActiveCfg = Debug|Any CPU
		{F97A37F0-D0DF-47A2-9E81-3E4C44151FA9}.Debug|iPhoneSimulator.Build.0 = Debug|Any CPU
		{F97A37F0-D0DF-47A2-9E81-3E4C44151FA9}.Debug|iPhoneSimulator.Deploy.0 = Debug|Any CPU
		{F97A37F0-D0DF-47A2-9E81-3E4C44151FA9}.Debug|x64.ActiveCfg = Debug|Any CPU
		{F97A37F0-D0DF-47A2-9E81-3E4C44151FA9}.Debug|x64.Build.0 = Debug|Any CPU
		{F97A37F0-D0DF-47A2-9E81-3E4C44151FA9}.Debug|x64.Deploy.0 = Debug|Any CPU
		{F97A37F0-D0DF-47A2-9E81-3E4C44151FA9}.Debug|x86.ActiveCfg = Debug|Any CPU
		{F97A37F0-D0DF-47A2-9E81-3E4C44151FA9}.Debug|x86.Build.0 = Debug|Any CPU
		{F97A37F0-D0DF-47A2-9E81-3E4C44151FA9}.Debug|x86.Deploy.0 = Debug|Any CPU
		{F97A37F0-D0DF-47A2-9E81-3E4C44151FA9}.Release|Any CPU.ActiveCfg = Release|Any CPU
		{F97A37F0-D0DF-47A2-9E81-3E4C44151FA9}.Release|Any CPU.Build.0 = Release|Any CPU
		{F97A37F0-D0DF-47A2-9E81-3E4C44151FA9}.Release|Any CPU.Deploy.0 = Release|Any CPU
		{F97A37F0-D0DF-47A2-9E81-3E4C44151FA9}.Release|ARM.ActiveCfg = Release|Any CPU
		{F97A37F0-D0DF-47A2-9E81-3E4C44151FA9}.Release|ARM.Build.0 = Release|Any CPU
		{F97A37F0-D0DF-47A2-9E81-3E4C44151FA9}.Release|ARM.Deploy.0 = Release|Any CPU
		{F97A37F0-D0DF-47A2-9E81-3E4C44151FA9}.Release|iPhone.ActiveCfg = Release|Any CPU
		{F97A37F0-D0DF-47A2-9E81-3E4C44151FA9}.Release|iPhone.Build.0 = Release|Any CPU
		{F97A37F0-D0DF-47A2-9E81-3E4C44151FA9}.Release|iPhone.Deploy.0 = Release|Any CPU
		{F97A37F0-D0DF-47A2-9E81-3E4C44151FA9}.Release|iPhoneSimulator.ActiveCfg = Release|Any CPU
		{F97A37F0-D0DF-47A2-9E81-3E4C44151FA9}.Release|iPhoneSimulator.Build.0 = Release|Any CPU
		{F97A37F0-D0DF-47A2-9E81-3E4C44151FA9}.Release|iPhoneSimulator.Deploy.0 = Release|Any CPU
		{F97A37F0-D0DF-47A2-9E81-3E4C44151FA9}.Release|x64.ActiveCfg = Release|Any CPU
		{F97A37F0-D0DF-47A2-9E81-3E4C44151FA9}.Release|x64.Build.0 = Release|Any CPU
		{F97A37F0-D0DF-47A2-9E81-3E4C44151FA9}.Release|x64.Deploy.0 = Release|Any CPU
		{F97A37F0-D0DF-47A2-9E81-3E4C44151FA9}.Release|x86.ActiveCfg = Release|Any CPU
		{F97A37F0-D0DF-47A2-9E81-3E4C44151FA9}.Release|x86.Build.0 = Release|Any CPU
		{F97A37F0-D0DF-47A2-9E81-3E4C44151FA9}.Release|x86.Deploy.0 = Release|Any CPU
		{25F356BA-B416-4A76-992C-8FE8E41CC249}.Debug|Any CPU.ActiveCfg = Debug|iPhone
		{25F356BA-B416-4A76-992C-8FE8E41CC249}.Debug|Any CPU.Build.0 = Debug|iPhone
		{25F356BA-B416-4A76-992C-8FE8E41CC249}.Debug|Any CPU.Deploy.0 = Debug|iPhone
		{25F356BA-B416-4A76-992C-8FE8E41CC249}.Debug|ARM.ActiveCfg = Debug|iPhoneSimulator
		{25F356BA-B416-4A76-992C-8FE8E41CC249}.Debug|ARM.Build.0 = Debug|iPhoneSimulator
		{25F356BA-B416-4A76-992C-8FE8E41CC249}.Debug|ARM.Deploy.0 = Debug|iPhoneSimulator
		{25F356BA-B416-4A76-992C-8FE8E41CC249}.Debug|iPhone.ActiveCfg = Debug|iPhone
		{25F356BA-B416-4A76-992C-8FE8E41CC249}.Debug|iPhone.Build.0 = Debug|iPhone
		{25F356BA-B416-4A76-992C-8FE8E41CC249}.Debug|iPhone.Deploy.0 = Debug|iPhone
		{25F356BA-B416-4A76-992C-8FE8E41CC249}.Debug|iPhoneSimulator.ActiveCfg = Debug|iPhoneSimulator
		{25F356BA-B416-4A76-992C-8FE8E41CC249}.Debug|iPhoneSimulator.Build.0 = Debug|iPhoneSimulator
		{25F356BA-B416-4A76-992C-8FE8E41CC249}.Debug|iPhoneSimulator.Deploy.0 = Debug|iPhoneSimulator
		{25F356BA-B416-4A76-992C-8FE8E41CC249}.Debug|x64.ActiveCfg = Debug|iPhone
		{25F356BA-B416-4A76-992C-8FE8E41CC249}.Debug|x64.Build.0 = Debug|iPhone
		{25F356BA-B416-4A76-992C-8FE8E41CC249}.Debug|x64.Deploy.0 = Debug|iPhone
		{25F356BA-B416-4A76-992C-8FE8E41CC249}.Debug|x86.ActiveCfg = Debug|iPhone
		{25F356BA-B416-4A76-992C-8FE8E41CC249}.Debug|x86.Build.0 = Debug|iPhone
		{25F356BA-B416-4A76-992C-8FE8E41CC249}.Debug|x86.Deploy.0 = Debug|iPhone
		{25F356BA-B416-4A76-992C-8FE8E41CC249}.Release|Any CPU.ActiveCfg = Release|iPhone
		{25F356BA-B416-4A76-992C-8FE8E41CC249}.Release|Any CPU.Build.0 = Release|iPhone
		{25F356BA-B416-4A76-992C-8FE8E41CC249}.Release|Any CPU.Deploy.0 = Release|iPhone
		{25F356BA-B416-4A76-992C-8FE8E41CC249}.Release|ARM.ActiveCfg = Release|iPhone
		{25F356BA-B416-4A76-992C-8FE8E41CC249}.Release|ARM.Build.0 = Release|iPhone
		{25F356BA-B416-4A76-992C-8FE8E41CC249}.Release|ARM.Deploy.0 = Release|iPhone
		{25F356BA-B416-4A76-992C-8FE8E41CC249}.Release|iPhone.ActiveCfg = Release|iPhone
		{25F356BA-B416-4A76-992C-8FE8E41CC249}.Release|iPhone.Build.0 = Release|iPhone
		{25F356BA-B416-4A76-992C-8FE8E41CC249}.Release|iPhone.Deploy.0 = Release|iPhone
		{25F356BA-B416-4A76-992C-8FE8E41CC249}.Release|iPhoneSimulator.ActiveCfg = Release|iPhoneSimulator
		{25F356BA-B416-4A76-992C-8FE8E41CC249}.Release|iPhoneSimulator.Build.0 = Release|iPhoneSimulator
		{25F356BA-B416-4A76-992C-8FE8E41CC249}.Release|iPhoneSimulator.Deploy.0 = Release|iPhoneSimulator
		{25F356BA-B416-4A76-992C-8FE8E41CC249}.Release|x64.ActiveCfg = Release|iPhone
		{25F356BA-B416-4A76-992C-8FE8E41CC249}.Release|x64.Build.0 = Release|iPhone
		{25F356BA-B416-4A76-992C-8FE8E41CC249}.Release|x64.Deploy.0 = Release|iPhone
		{25F356BA-B416-4A76-992C-8FE8E41CC249}.Release|x86.ActiveCfg = Release|iPhone
		{25F356BA-B416-4A76-992C-8FE8E41CC249}.Release|x86.Build.0 = Release|iPhone
		{25F356BA-B416-4A76-992C-8FE8E41CC249}.Release|x86.Deploy.0 = Release|iPhone
		{798C6BEE-ECBA-41AA-83C6-A15059E08DD4}.Debug|Any CPU.ActiveCfg = Debug|Any CPU
		{798C6BEE-ECBA-41AA-83C6-A15059E08DD4}.Debug|Any CPU.Build.0 = Debug|Any CPU
		{798C6BEE-ECBA-41AA-83C6-A15059E08DD4}.Debug|Any CPU.Deploy.0 = Debug|Any CPU
		{798C6BEE-ECBA-41AA-83C6-A15059E08DD4}.Debug|ARM.ActiveCfg = Debug|Any CPU
		{798C6BEE-ECBA-41AA-83C6-A15059E08DD4}.Debug|ARM.Build.0 = Debug|Any CPU
		{798C6BEE-ECBA-41AA-83C6-A15059E08DD4}.Debug|ARM.Deploy.0 = Debug|Any CPU
		{798C6BEE-ECBA-41AA-83C6-A15059E08DD4}.Debug|iPhone.ActiveCfg = Debug|Any CPU
		{798C6BEE-ECBA-41AA-83C6-A15059E08DD4}.Debug|iPhone.Build.0 = Debug|Any CPU
		{798C6BEE-ECBA-41AA-83C6-A15059E08DD4}.Debug|iPhone.Deploy.0 = Debug|Any CPU
		{798C6BEE-ECBA-41AA-83C6-A15059E08DD4}.Debug|iPhoneSimulator.ActiveCfg = Debug|Any CPU
		{798C6BEE-ECBA-41AA-83C6-A15059E08DD4}.Debug|iPhoneSimulator.Build.0 = Debug|Any CPU
		{798C6BEE-ECBA-41AA-83C6-A15059E08DD4}.Debug|iPhoneSimulator.Deploy.0 = Debug|Any CPU
		{798C6BEE-ECBA-41AA-83C6-A15059E08DD4}.Debug|x64.ActiveCfg = Debug|Any CPU
		{798C6BEE-ECBA-41AA-83C6-A15059E08DD4}.Debug|x64.Build.0 = Debug|Any CPU
		{798C6BEE-ECBA-41AA-83C6-A15059E08DD4}.Debug|x64.Deploy.0 = Debug|Any CPU
		{798C6BEE-ECBA-41AA-83C6-A15059E08DD4}.Debug|x86.ActiveCfg = Debug|Any CPU
		{798C6BEE-ECBA-41AA-83C6-A15059E08DD4}.Debug|x86.Build.0 = Debug|Any CPU
		{798C6BEE-ECBA-41AA-83C6-A15059E08DD4}.Debug|x86.Deploy.0 = Debug|Any CPU
		{798C6BEE-ECBA-41AA-83C6-A15059E08DD4}.Release|Any CPU.ActiveCfg = Release|Any CPU
		{798C6BEE-ECBA-41AA-83C6-A15059E08DD4}.Release|Any CPU.Build.0 = Release|Any CPU
		{798C6BEE-ECBA-41AA-83C6-A15059E08DD4}.Release|Any CPU.Deploy.0 = Release|Any CPU
		{798C6BEE-ECBA-41AA-83C6-A15059E08DD4}.Release|ARM.ActiveCfg = Release|Any CPU
		{798C6BEE-ECBA-41AA-83C6-A15059E08DD4}.Release|ARM.Build.0 = Release|Any CPU
		{798C6BEE-ECBA-41AA-83C6-A15059E08DD4}.Release|ARM.Deploy.0 = Release|Any CPU
		{798C6BEE-ECBA-41AA-83C6-A15059E08DD4}.Release|iPhone.ActiveCfg = Release|Any CPU
		{798C6BEE-ECBA-41AA-83C6-A15059E08DD4}.Release|iPhone.Build.0 = Release|Any CPU
		{798C6BEE-ECBA-41AA-83C6-A15059E08DD4}.Release|iPhone.Deploy.0 = Release|Any CPU
		{798C6BEE-ECBA-41AA-83C6-A15059E08DD4}.Release|iPhoneSimulator.ActiveCfg = Release|Any CPU
		{798C6BEE-ECBA-41AA-83C6-A15059E08DD4}.Release|iPhoneSimulator.Build.0 = Release|Any CPU
		{798C6BEE-ECBA-41AA-83C6-A15059E08DD4}.Release|iPhoneSimulator.Deploy.0 = Release|Any CPU
		{798C6BEE-ECBA-41AA-83C6-A15059E08DD4}.Release|x64.ActiveCfg = Release|Any CPU
		{798C6BEE-ECBA-41AA-83C6-A15059E08DD4}.Release|x64.Build.0 = Release|Any CPU
		{798C6BEE-ECBA-41AA-83C6-A15059E08DD4}.Release|x64.Deploy.0 = Release|Any CPU
		{798C6BEE-ECBA-41AA-83C6-A15059E08DD4}.Release|x86.ActiveCfg = Release|Any CPU
		{798C6BEE-ECBA-41AA-83C6-A15059E08DD4}.Release|x86.Build.0 = Release|Any CPU
		{798C6BEE-ECBA-41AA-83C6-A15059E08DD4}.Release|x86.Deploy.0 = Release|Any CPU
	EndGlobalSection
	GlobalSection(SolutionProperties) = preSolution
		HideSolutionNode = FALSE
	EndGlobalSection
	GlobalSection(ExtensibilityGlobals) = postSolution
		SolutionGuid = {90D3292B-ED89-42C8-B399-892A48C06ADD}
	EndGlobalSection
EndGlobal
