
Microsoft Visual Studio Solution File, Format Version 12.00
# Visual Studio Version 16
VisualStudioVersion = 16.0.29306.81
MinimumVisualStudioVersion = 10.0.40219.1
Project("{FAE04EC0-301F-11D3-BF4B-00C04F79EFBC}") = "SettingsPageApp.UWP", "SettingsPageApp\SettingsPageApp.UWP\SettingsPageApp.UWP.csproj", "{38B53A4E-9AA2-4E58-9DAC-23F77E03D553}"
EndProject
Project("{FAE04EC0-301F-11D3-BF4B-00C04F79EFBC}") = "SettingsPageApp.Android", "SettingsPageApp\SettingsPageApp.Android\SettingsPageApp.Android.csproj", "{F51C2FA0-6394-41B1-8E82-B055501ECD8D}"
EndProject
Project("{FAE04EC0-301F-11D3-BF4B-00C04F79EFBC}") = "SettingsPageApp.iOS", "SettingsPageApp\SettingsPageApp.iOS\SettingsPageApp.iOS.csproj", "{1C71FA6D-80EE-45B7-AB5A-BD54132F0FD4}"
EndProject
Project("{FAE04EC0-301F-11D3-BF4B-00C04F79EFBC}") = "SettingsPageApp", "SettingsPageApp\SettingsPageApp\SettingsPageApp.csproj", "{FD355070-21A5-44CE-9845-9B4501602876}"
EndProject
Global
	GlobalSection(SolutionConfigurationPlatforms) = preSolution
		Debug|Any CPU = Debug|Any CPU
		Debug|ARM = Debug|ARM
		Debug|iPhone = Debug|iPhone
		Debug|iPhoneSimulator = Debug|iPhoneSimulator
		Debug|x64 = Debug|x64
		Debug|x86 = Debug|x86
		Release|Any CPU = Release|Any CPU
		Release|ARM = Release|ARM
		Release|iPhone = Release|iPhone
		Release|iPhoneSimulator = Release|iPhoneSimulator
		Release|x64 = Release|x64
		Release|x86 = Release|x86
	EndGlobalSection
	GlobalSection(ProjectConfigurationPlatforms) = postSolution
		{38B53A4E-9AA2-4E58-9DAC-23F77E03D553}.Debug|Any CPU.ActiveCfg = Debug|x86
		{38B53A4E-9AA2-4E58-9DAC-23F77E03D553}.Debug|Any CPU.Build.0 = Debug|x86
		{38B53A4E-9AA2-4E58-9DAC-23F77E03D553}.Debug|Any CPU.Deploy.0 = Debug|x86
		{38B53A4E-9AA2-4E58-9DAC-23F77E03D553}.Debug|ARM.ActiveCfg = Debug|ARM
		{38B53A4E-9AA2-4E58-9DAC-23F77E03D553}.Debug|ARM.Build.0 = Debug|ARM
		{38B53A4E-9AA2-4E58-9DAC-23F77E03D553}.Debug|ARM.Deploy.0 = Debug|ARM
		{38B53A4E-9AA2-4E58-9DAC-23F77E03D553}.Debug|iPhone.ActiveCfg = Debug|x86
		{38B53A4E-9AA2-4E58-9DAC-23F77E03D553}.Debug|iPhone.Build.0 = Debug|x86
		{38B53A4E-9AA2-4E58-9DAC-23F77E03D553}.Debug|iPhone.Deploy.0 = Debug|x86
		{38B53A4E-9AA2-4E58-9DAC-23F77E03D553}.Debug|iPhoneSimulator.ActiveCfg = Debug|x86
		{38B53A4E-9AA2-4E58-9DAC-23F77E03D553}.Debug|iPhoneSimulator.Build.0 = Debug|x86
		{38B53A4E-9AA2-4E58-9DAC-23F77E03D553}.Debug|iPhoneSimulator.Deploy.0 = Debug|x86
		{38B53A4E-9AA2-4E58-9DAC-23F77E03D553}.Debug|x64.ActiveCfg = Debug|x64
		{38B53A4E-9AA2-4E58-9DAC-23F77E03D553}.Debug|x64.Build.0 = Debug|x64
		{38B53A4E-9AA2-4E58-9DAC-23F77E03D553}.Debug|x64.Deploy.0 = Debug|x64
		{38B53A4E-9AA2-4E58-9DAC-23F77E03D553}.Debug|x86.ActiveCfg = Debug|x86
		{38B53A4E-9AA2-4E58-9DAC-23F77E03D553}.Debug|x86.Build.0 = Debug|x86
		{38B53A4E-9AA2-4E58-9DAC-23F77E03D553}.Debug|x86.Deploy.0 = Debug|x86
		{38B53A4E-9AA2-4E58-9DAC-23F77E03D553}.Release|Any CPU.ActiveCfg = Release|x86
		{38B53A4E-9AA2-4E58-9DAC-23F77E03D553}.Release|Any CPU.Build.0 = Release|x86
		{38B53A4E-9AA2-4E58-9DAC-23F77E03D553}.Release|Any CPU.Deploy.0 = Release|x86
		{38B53A4E-9AA2-4E58-9DAC-23F77E03D553}.Release|ARM.ActiveCfg = Release|ARM
		{38B53A4E-9AA2-4E58-9DAC-23F77E03D553}.Release|ARM.Build.0 = Release|ARM
		{38B53A4E-9AA2-4E58-9DAC-23F77E03D553}.Release|ARM.Deploy.0 = Release|ARM
		{38B53A4E-9AA2-4E58-9DAC-23F77E03D553}.Release|iPhone.ActiveCfg = Release|x86
		{38B53A4E-9AA2-4E58-9DAC-23F77E03D553}.Release|iPhone.Build.0 = Release|x86
		{38B53A4E-9AA2-4E58-9DAC-23F77E03D553}.Release|iPhone.Deploy.0 = Release|x86
		{38B53A4E-9AA2-4E58-9DAC-23F77E03D553}.Release|iPhoneSimulator.ActiveCfg = Release|x86
		{38B53A4E-9AA2-4E58-9DAC-23F77E03D553}.Release|iPhoneSimulator.Build.0 = Release|x86
		{38B53A4E-9AA2-4E58-9DAC-23F77E03D553}.Release|iPhoneSimulator.Deploy.0 = Release|x86
		{38B53A4E-9AA2-4E58-9DAC-23F77E03D553}.Release|x64.ActiveCfg = Release|x64
		{38B53A4E-9AA2-4E58-9DAC-23F77E03D553}.Release|x64.Build.0 = Release|x64
		{38B53A4E-9AA2-4E58-9DAC-23F77E03D553}.Release|x64.Deploy.0 = Release|x64
		{38B53A4E-9AA2-4E58-9DAC-23F77E03D553}.Release|x86.ActiveCfg = Release|x86
		{38B53A4E-9AA2-4E58-9DAC-23F77E03D553}.Release|x86.Build.0 = Release|x86
		{38B53A4E-9AA2-4E58-9DAC-23F77E03D553}.Release|x86.Deploy.0 = Release|x86
		{F51C2FA0-6394-41B1-8E82-B055501ECD8D}.Debug|Any CPU.ActiveCfg = Debug|Any CPU
		{F51C2FA0-6394-41B1-8E82-B055501ECD8D}.Debug|Any CPU.Build.0 = Debug|Any CPU
		{F51C2FA0-6394-41B1-8E82-B055501ECD8D}.Debug|Any CPU.Deploy.0 = Debug|Any CPU
		{F51C2FA0-6394-41B1-8E82-B055501ECD8D}.Debug|ARM.ActiveCfg = Debug|Any CPU
		{F51C2FA0-6394-41B1-8E82-B055501ECD8D}.Debug|ARM.Build.0 = Debug|Any CPU
		{F51C2FA0-6394-41B1-8E82-B055501ECD8D}.Debug|ARM.Deploy.0 = Debug|Any CPU
		{F51C2FA0-6394-41B1-8E82-B055501ECD8D}.Debug|iPhone.ActiveCfg = Debug|Any CPU
		{F51C2FA0-6394-41B1-8E82-B055501ECD8D}.Debug|iPhone.Build.0 = Debug|Any CPU
		{F51C2FA0-6394-41B1-8E82-B055501ECD8D}.Debug|iPhone.Deploy.0 = Debug|Any CPU
		{F51C2FA0-6394-41B1-8E82-B055501ECD8D}.Debug|iPhoneSimulator.ActiveCfg = Debug|Any CPU
		{F51C2FA0-6394-41B1-8E82-B055501ECD8D}.Debug|iPhoneSimulator.Build.0 = Debug|Any CPU
		{F51C2FA0-6394-41B1-8E82-B055501ECD8D}.Debug|iPhoneSimulator.Deploy.0 = Debug|Any CPU
		{F51C2FA0-6394-41B1-8E82-B055501ECD8D}.Debug|x64.ActiveCfg = Debug|Any CPU
		{F51C2FA0-6394-41B1-8E82-B055501ECD8D}.Debug|x64.Build.0 = Debug|Any CPU
		{F51C2FA0-6394-41B1-8E82-B055501ECD8D}.Debug|x64.Deploy.0 = Debug|Any CPU
		{F51C2FA0-6394-41B1-8E82-B055501ECD8D}.Debug|x86.ActiveCfg = Debug|Any CPU
		{F51C2FA0-6394-41B1-8E82-B055501ECD8D}.Debug|x86.Build.0 = Debug|Any CPU
		{F51C2FA0-6394-41B1-8E82-B055501ECD8D}.Debug|x86.Deploy.0 = Debug|Any CPU
		{F51C2FA0-6394-41B1-8E82-B055501ECD8D}.Release|Any CPU.ActiveCfg = Release|Any CPU
		{F51C2FA0-6394-41B1-8E82-B055501ECD8D}.Release|Any CPU.Build.0 = Release|Any CPU
		{F51C2FA0-6394-41B1-8E82-B055501ECD8D}.Release|Any CPU.Deploy.0 = Release|Any CPU
		{F51C2FA0-6394-41B1-8E82-B055501ECD8D}.Release|ARM.ActiveCfg = Release|Any CPU
		{F51C2FA0-6394-41B1-8E82-B055501ECD8D}.Release|ARM.Build.0 = Release|Any CPU
		{F51C2FA0-6394-41B1-8E82-B055501ECD8D}.Release|ARM.Deploy.0 = Release|Any CPU
		{F51C2FA0-6394-41B1-8E82-B055501ECD8D}.Release|iPhone.ActiveCfg = Release|Any CPU
		{F51C2FA0-6394-41B1-8E82-B055501ECD8D}.Release|iPhone.Build.0 = Release|Any CPU
		{F51C2FA0-6394-41B1-8E82-B055501ECD8D}.Release|iPhone.Deploy.0 = Release|Any CPU
		{F51C2FA0-6394-41B1-8E82-B055501ECD8D}.Release|iPhoneSimulator.ActiveCfg = Release|Any CPU
		{F51C2FA0-6394-41B1-8E82-B055501ECD8D}.Release|iPhoneSimulator.Build.0 = Release|Any CPU
		{F51C2FA0-6394-41B1-8E82-B055501ECD8D}.Release|iPhoneSimulator.Deploy.0 = Release|Any CPU
		{F51C2FA0-6394-41B1-8E82-B055501ECD8D}.Release|x64.ActiveCfg = Release|Any CPU
		{F51C2FA0-6394-41B1-8E82-B055501ECD8D}.Release|x64.Build.0 = Release|Any CPU
		{F51C2FA0-6394-41B1-8E82-B055501ECD8D}.Release|x64.Deploy.0 = Release|Any CPU
		{F51C2FA0-6394-41B1-8E82-B055501ECD8D}.Release|x86.ActiveCfg = Release|Any CPU
		{F51C2FA0-6394-41B1-8E82-B055501ECD8D}.Release|x86.Build.0 = Release|Any CPU
		{F51C2FA0-6394-41B1-8E82-B055501ECD8D}.Release|x86.Deploy.0 = Release|Any CPU
		{1C71FA6D-80EE-45B7-AB5A-BD54132F0FD4}.Debug|Any CPU.ActiveCfg = Debug|iPhone
		{1C71FA6D-80EE-45B7-AB5A-BD54132F0FD4}.Debug|Any CPU.Build.0 = Debug|iPhone
		{1C71FA6D-80EE-45B7-AB5A-BD54132F0FD4}.Debug|Any CPU.Deploy.0 = Debug|iPhone
		{1C71FA6D-80EE-45B7-AB5A-BD54132F0FD4}.Debug|ARM.ActiveCfg = Debug|iPhoneSimulator
		{1C71FA6D-80EE-45B7-AB5A-BD54132F0FD4}.Debug|ARM.Build.0 = Debug|iPhoneSimulator
		{1C71FA6D-80EE-45B7-AB5A-BD54132F0FD4}.Debug|ARM.Deploy.0 = Debug|iPhoneSimulator
		{1C71FA6D-80EE-45B7-AB5A-BD54132F0FD4}.Debug|iPhone.ActiveCfg = Debug|iPhone
		{1C71FA6D-80EE-45B7-AB5A-BD54132F0FD4}.Debug|iPhone.Build.0 = Debug|iPhone
		{1C71FA6D-80EE-45B7-AB5A-BD54132F0FD4}.Debug|iPhone.Deploy.0 = Debug|iPhone
		{1C71FA6D-80EE-45B7-AB5A-BD54132F0FD4}.Debug|iPhoneSimulator.ActiveCfg = Debug|iPhoneSimulator
		{1C71FA6D-80EE-45B7-AB5A-BD54132F0FD4}.Debug|iPhoneSimulator.Build.0 = Debug|iPhoneSimulator
		{1C71FA6D-80EE-45B7-AB5A-BD54132F0FD4}.Debug|iPhoneSimulator.Deploy.0 = Debug|iPhoneSimulator
		{1C71FA6D-80EE-45B7-AB5A-BD54132F0FD4}.Debug|x64.ActiveCfg = Debug|iPhone
		{1C71FA6D-80EE-45B7-AB5A-BD54132F0FD4}.Debug|x64.Build.0 = Debug|iPhone
		{1C71FA6D-80EE-45B7-AB5A-BD54132F0FD4}.Debug|x64.Deploy.0 = Debug|iPhone
		{1C71FA6D-80EE-45B7-AB5A-BD54132F0FD4}.Debug|x86.ActiveCfg = Debug|iPhone
		{1C71FA6D-80EE-45B7-AB5A-BD54132F0FD4}.Debug|x86.Build.0 = Debug|iPhone
		{1C71FA6D-80EE-45B7-AB5A-BD54132F0FD4}.Debug|x86.Deploy.0 = Debug|iPhone
		{1C71FA6D-80EE-45B7-AB5A-BD54132F0FD4}.Release|Any CPU.ActiveCfg = Release|iPhone
		{1C71FA6D-80EE-45B7-AB5A-BD54132F0FD4}.Release|Any CPU.Build.0 = Release|iPhone
		{1C71FA6D-80EE-45B7-AB5A-BD54132F0FD4}.Release|Any CPU.Deploy.0 = Release|iPhone
		{1C71FA6D-80EE-45B7-AB5A-BD54132F0FD4}.Release|ARM.ActiveCfg = Release|iPhone
		{1C71FA6D-80EE-45B7-AB5A-BD54132F0FD4}.Release|ARM.Build.0 = Release|iPhone
		{1C71FA6D-80EE-45B7-AB5A-BD54132F0FD4}.Release|ARM.Deploy.0 = Release|iPhone
		{1C71FA6D-80EE-45B7-AB5A-BD54132F0FD4}.Release|iPhone.ActiveCfg = Release|iPhone
		{1C71FA6D-80EE-45B7-AB5A-BD54132F0FD4}.Release|iPhone.Build.0 = Release|iPhone
		{1C71FA6D-80EE-45B7-AB5A-BD54132F0FD4}.Release|iPhone.Deploy.0 = Release|iPhone
		{1C71FA6D-80EE-45B7-AB5A-BD54132F0FD4}.Release|iPhoneSimulator.ActiveCfg = Release|iPhoneSimulator
		{1C71FA6D-80EE-45B7-AB5A-BD54132F0FD4}.Release|iPhoneSimulator.Build.0 = Release|iPhoneSimulator
		{1C71FA6D-80EE-45B7-AB5A-BD54132F0FD4}.Release|iPhoneSimulator.Deploy.0 = Release|iPhoneSimulator
		{1C71FA6D-80EE-45B7-AB5A-BD54132F0FD4}.Release|x64.ActiveCfg = Release|iPhone
		{1C71FA6D-80EE-45B7-AB5A-BD54132F0FD4}.Release|x64.Build.0 = Release|iPhone
		{1C71FA6D-80EE-45B7-AB5A-BD54132F0FD4}.Release|x64.Deploy.0 = Release|iPhone
		{1C71FA6D-80EE-45B7-AB5A-BD54132F0FD4}.Release|x86.ActiveCfg = Release|iPhone
		{1C71FA6D-80EE-45B7-AB5A-BD54132F0FD4}.Release|x86.Build.0 = Release|iPhone
		{1C71FA6D-80EE-45B7-AB5A-BD54132F0FD4}.Release|x86.Deploy.0 = Release|iPhone
		{FD355070-21A5-44CE-9845-9B4501602876}.Debug|Any CPU.ActiveCfg = Debug|Any CPU
		{FD355070-21A5-44CE-9845-9B4501602876}.Debug|Any CPU.Build.0 = Debug|Any CPU
		{FD355070-21A5-44CE-9845-9B4501602876}.Debug|Any CPU.Deploy.0 = Debug|Any CPU
		{FD355070-21A5-44CE-9845-9B4501602876}.Debug|ARM.ActiveCfg = Debug|Any CPU
		{FD355070-21A5-44CE-9845-9B4501602876}.Debug|ARM.Build.0 = Debug|Any CPU
		{FD355070-21A5-44CE-9845-9B4501602876}.Debug|ARM.Deploy.0 = Debug|Any CPU
		{FD355070-21A5-44CE-9845-9B4501602876}.Debug|iPhone.ActiveCfg = Debug|Any CPU
		{FD355070-21A5-44CE-9845-9B4501602876}.Debug|iPhone.Build.0 = Debug|Any CPU
		{FD355070-21A5-44CE-9845-9B4501602876}.Debug|iPhone.Deploy.0 = Debug|Any CPU
		{FD355070-21A5-44CE-9845-9B4501602876}.Debug|iPhoneSimulator.ActiveCfg = Debug|Any CPU
		{FD355070-21A5-44CE-9845-9B4501602876}.Debug|iPhoneSimulator.Build.0 = Debug|Any CPU
		{FD355070-21A5-44CE-9845-9B4501602876}.Debug|iPhoneSimulator.Deploy.0 = Debug|Any CPU
		{FD355070-21A5-44CE-9845-9B4501602876}.Debug|x64.ActiveCfg = Debug|Any CPU
		{FD355070-21A5-44CE-9845-9B4501602876}.Debug|x64.Build.0 = Debug|Any CPU
		{FD355070-21A5-44CE-9845-9B4501602876}.Debug|x64.Deploy.0 = Debug|Any CPU
		{FD355070-21A5-44CE-9845-9B4501602876}.Debug|x86.ActiveCfg = Debug|Any CPU
		{FD355070-21A5-44CE-9845-9B4501602876}.Debug|x86.Build.0 = Debug|Any CPU
		{FD355070-21A5-44CE-9845-9B4501602876}.Debug|x86.Deploy.0 = Debug|Any CPU
		{FD355070-21A5-44CE-9845-9B4501602876}.Release|Any CPU.ActiveCfg = Release|Any CPU
		{FD355070-21A5-44CE-9845-9B4501602876}.Release|Any CPU.Build.0 = Release|Any CPU
		{FD355070-21A5-44CE-9845-9B4501602876}.Release|Any CPU.Deploy.0 = Release|Any CPU
		{FD355070-21A5-44CE-9845-9B4501602876}.Release|ARM.ActiveCfg = Release|Any CPU
		{FD355070-21A5-44CE-9845-9B4501602876}.Release|ARM.Build.0 = Release|Any CPU
		{FD355070-21A5-44CE-9845-9B4501602876}.Release|ARM.Deploy.0 = Release|Any CPU
		{FD355070-21A5-44CE-9845-9B4501602876}.Release|iPhone.ActiveCfg = Release|Any CPU
		{FD355070-21A5-44CE-9845-9B4501602876}.Release|iPhone.Build.0 = Release|Any CPU
		{FD355070-21A5-44CE-9845-9B4501602876}.Release|iPhone.Deploy.0 = Release|Any CPU
		{FD355070-21A5-44CE-9845-9B4501602876}.Release|iPhoneSimulator.ActiveCfg = Release|Any CPU
		{FD355070-21A5-44CE-9845-9B4501602876}.Release|iPhoneSimulator.Build.0 = Release|Any CPU
		{FD355070-21A5-44CE-9845-9B4501602876}.Release|iPhoneSimulator.Deploy.0 = Release|Any CPU
		{FD355070-21A5-44CE-9845-9B4501602876}.Release|x64.ActiveCfg = Release|Any CPU
		{FD355070-21A5-44CE-9845-9B4501602876}.Release|x64.Build.0 = Release|Any CPU
		{FD355070-21A5-44CE-9845-9B4501602876}.Release|x64.Deploy.0 = Release|Any CPU
		{FD355070-21A5-44CE-9845-9B4501602876}.Release|x86.ActiveCfg = Release|Any CPU
		{FD355070-21A5-44CE-9845-9B4501602876}.Release|x86.Build.0 = Release|Any CPU
		{FD355070-21A5-44CE-9845-9B4501602876}.Release|x86.Deploy.0 = Release|Any CPU
	EndGlobalSection
	GlobalSection(SolutionProperties) = preSolution
		HideSolutionNode = FALSE
	EndGlobalSection
	GlobalSection(ExtensibilityGlobals) = postSolution
		SolutionGuid = {CAA4EF44-4F36-467C-84A7-A06B992BDA21}
	EndGlobalSection
EndGlobal
